// !$*UTF8*$!
{
	archiveVersion = 1;
	classes = {
	};
	objectVersion = 46;
	objects = {

/* Begin PBXBuildFile section */
		3D8E3CDA1A5AD50C00CDA2FE /* main.m in Sources */ = {isa = PBXBuildFile; fileRef = 3D8E3CD91A5AD50C00CDA2FE /* main.m */; };
		3D8E3CDD1A5AD50C00CDA2FE /* AppDelegate.m in Sources */ = {isa = PBXBuildFile; fileRef = 3D8E3CDC1A5AD50C00CDA2FE /* AppDelegate.m */; };
		3D8E3CE01A5AD50C00CDA2FE /* ViewController.m in Sources */ = {isa = PBXBuildFile; fileRef = 3D8E3CDF1A5AD50C00CDA2FE /* ViewController.m */; };
		3D8E3CE31A5AD50C00CDA2FE /* Main.storyboard in Resources */ = {isa = PBXBuildFile; fileRef = 3D8E3CE11A5AD50C00CDA2FE /* Main.storyboard */; };
		3D8E3CE51A5AD50C00CDA2FE /* Images.xcassets in Resources */ = {isa = PBXBuildFile; fileRef = 3D8E3CE41A5AD50C00CDA2FE /* Images.xcassets */; };
		3D8E3CE81A5AD50C00CDA2FE /* LaunchScreen.xib in Resources */ = {isa = PBXBuildFile; fileRef = 3D8E3CE61A5AD50C00CDA2FE /* LaunchScreen.xib */; };
		3D8E3CF41A5AD50D00CDA2FE /* firstAppTests.m in Sources */ = {isa = PBXBuildFile; fileRef = 3D8E3CF31A5AD50D00CDA2FE /* firstAppTests.m */; };
		3D8E3CFF1A5AE81400CDA2FE /* PrettyButton.m in Sources */ = {isa = PBXBuildFile; fileRef = 3D8E3CFE1A5AE81400CDA2FE /* PrettyButton.m */; };
/* End PBXBuildFile section */

/* Begin PBXContainerItemProxy section */
		3D8E3CEE1A5AD50D00CDA2FE /* PBXContainerItemProxy */ = {
			isa = PBXContainerItemProxy;
			containerPortal = 3D8E3CCC1A5AD50C00CDA2FE /* Project object */;
			proxyType = 1;
			remoteGlobalIDString = 3D8E3CD31A5AD50C00CDA2FE;
			remoteInfo = firstApp;
		};
/* End PBXContainerItemProxy section */

/* Begin PBXFileReference section */
		3D8E3CD41A5AD50C00CDA2FE /* firstApp.app */ = {isa = PBXFileReference; explicitFileType = wrapper.application; includeInIndex = 0; path = firstApp.app; sourceTree = BUILT_PRODUCTS_DIR; };
		3D8E3CD81A5AD50C00CDA2FE /* Info.plist */ = {isa = PBXFileReference; lastKnownFileType = text.plist.xml; path = Info.plist; sourceTree = "<group>"; };
		3D8E3CD91A5AD50C00CDA2FE /* main.m */ = {isa = PBXFileReference; lastKnownFileType = sourcecode.c.objc; path = main.m; sourceTree = "<group>"; };
		3D8E3CDB1A5AD50C00CDA2FE /* AppDelegate.h */ = {isa = PBXFileReference; lastKnownFileType = sourcecode.c.h; path = AppDelegate.h; sourceTree = "<group>"; };
		3D8E3CDC1A5AD50C00CDA2FE /* AppDelegate.m */ = {isa = PBXFileReference; lastKnownFileType = sourcecode.c.objc; path = AppDelegate.m; sourceTree = "<group>"; };
		3D8E3CDE1A5AD50C00CDA2FE /* ViewController.h */ = {isa = PBXFileReference; lastKnownFileType = sourcecode.c.h; path = ViewController.h; sourceTree = "<group>"; };
		3D8E3CDF1A5AD50C00CDA2FE /* ViewController.m */ = {isa = PBXFileReference; lastKnownFileType = sourcecode.c.objc; path = ViewController.m; sourceTree = "<group>"; };
		3D8E3CE21A5AD50C00CDA2FE /* Base */ = {isa = PBXFileReference; lastKnownFileType = file.storyboard; name = Base; path = Base.lproj/Main.storyboard; sourceTree = "<group>"; };
		3D8E3CE41A5AD50C00CDA2FE /* Images.xcassets */ = {isa = PBXFileReference; lastKnownFileType = folder.assetcatalog; path = Images.xcassets; sourceTree = "<group>"; };
		3D8E3CE71A5AD50C00CDA2FE /* Base */ = {isa = PBXFileReference; lastKnownFileType = file.xib; name = Base; path = Base.lproj/LaunchScreen.xib; sourceTree = "<group>"; };
		3D8E3CED1A5AD50D00CDA2FE /* firstAppTests.xctest */ = {isa = PBXFileReference; explicitFileType = wrapper.cfbundle; includeInIndex = 0; path = firstAppTests.xctest; sourceTree = BUILT_PRODUCTS_DIR; };
		3D8E3CF21A5AD50D00CDA2FE /* Info.plist */ = {isa = PBXFileReference; lastKnownFileType = text.plist.xml; path = Info.plist; sourceTree = "<group>"; };
		3D8E3CF31A5AD50D00CDA2FE /* firstAppTests.m */ = {isa = PBXFileReference; lastKnownFileType = sourcecode.c.objc; path = firstAppTests.m; sourceTree = "<group>"; };
		3D8E3CFD1A5AE81400CDA2FE /* PrettyButton.h */ = {isa = PBXFileReference; fileEncoding = 4; lastKnownFileType = sourcecode.c.h; path = PrettyButton.h; sourceTree = "<group>"; };
		3D8E3CFE1A5AE81400CDA2FE /* PrettyButton.m */ = {isa = PBXFileReference; fileEncoding = 4; lastKnownFileType = sourcecode.c.objc; path = PrettyButton.m; sourceTree = "<group>"; };
/* End PBXFileReference section */

/* Begin PBXFrameworksBuildPhase section */
		3D8E3CD11A5AD50C00CDA2FE /* Frameworks */ = {
			isa = PBXFrameworksBuildPhase;
			buildActionMask = 2147483647;
			files = (
			);
			runOnlyForDeploymentPostprocessing = 0;
		};
		3D8E3CEA1A5AD50D00CDA2FE /* Frameworks */ = {
			isa = PBXFrameworksBuildPhase;
			buildActionMask = 2147483647;
			files = (
			);
			runOnlyForDeploymentPostprocessing = 0;
		};
/* End PBXFrameworksBuildPhase section */

/* Begin PBXGroup section */
		3D8E3CCB1A5AD50C00CDA2FE = {
			isa = PBXGroup;
			children = (
				3D8E3CD61A5AD50C00CDA2FE /* firstApp */,
				3D8E3CF01A5AD50D00CDA2FE /* firstAppTests */,
				3D8E3CD51A5AD50C00CDA2FE /* Products */,
			);
			sourceTree = "<group>";
		};
		3D8E3CD51A5AD50C00CDA2FE /* Products */ = {
			isa = PBXGroup;
			children = (
				3D8E3CD41A5AD50C00CDA2FE /* firstApp.app */,
				3D8E3CED1A5AD50D00CDA2FE /* firstAppTests.xctest */,
			);
			name = Products;
			sourceTree = "<group>";
		};
		3D8E3CD61A5AD50C00CDA2FE /* firstApp */ = {
			isa = PBXGroup;
			children = (
				3D8E3CDE1A5AD50C00CDA2FE /* ViewController.h */,
				3D8E3CDF1A5AD50C00CDA2FE /* ViewController.m */,
				3D8E3CFD1A5AE81400CDA2FE /* PrettyButton.h */,
				3D8E3CFE1A5AE81400CDA2FE /* PrettyButton.m */,
				3D8E3CE11A5AD50C00CDA2FE /* Main.storyboard */,
				3D8E3CD71A5AD50C00CDA2FE /* Supporting Files */,
			);
			path = firstApp;
			sourceTree = "<group>";
		};
		3D8E3CD71A5AD50C00CDA2FE /* Supporting Files */ = {
			isa = PBXGroup;
			children = (
				3D8E3CDB1A5AD50C00CDA2FE /* AppDelegate.h */,
				3D8E3CDC1A5AD50C00CDA2FE /* AppDelegate.m */,
				3D8E3CE41A5AD50C00CDA2FE /* Images.xcassets */,
				3D8E3CE61A5AD50C00CDA2FE /* LaunchScreen.xib */,
				3D8E3CD81A5AD50C00CDA2FE /* Info.plist */,
				3D8E3CD91A5AD50C00CDA2FE /* main.m */,
			);
			name = "Supporting Files";
			sourceTree = "<group>";
		};
		3D8E3CF01A5AD50D00CDA2FE /* firstAppTests */ = {
			isa = PBXGroup;
			children = (
				3D8E3CF31A5AD50D00CDA2FE /* firstAppTests.m */,
				3D8E3CF11A5AD50D00CDA2FE /* Supporting Files */,
			);
			path = firstAppTests;
			sourceTree = "<group>";
		};
		3D8E3CF11A5AD50D00CDA2FE /* Supporting Files */ = {
			isa = PBXGroup;
			children = (
				3D8E3CF21A5AD50D00CDA2FE /* Info.plist */,
			);
			name = "Supporting Files";
			sourceTree = "<group>";
		};
/* End PBXGroup section */

/* Begin PBXNativeTarget section */
		3D8E3CD31A5AD50C00CDA2FE /* firstApp */ = {
			isa = PBXNativeTarget;
			buildConfigurationList = 3D8E3CF71A5AD50D00CDA2FE /* Build configuration list for PBXNativeTarget "firstApp" */;
			buildPhases = (
				3D8E3CD01A5AD50C00CDA2FE /* Sources */,
				3D8E3CD11A5AD50C00CDA2FE /* Frameworks */,
				3D8E3CD21A5AD50C00CDA2FE /* Resources */,
			);
			buildRules = (
			);
			dependencies = (
			);
			name = firstApp;
			productName = firstApp;
			productReference = 3D8E3CD41A5AD50C00CDA2FE /* firstApp.app */;
			productType = "com.apple.product-type.application";
		};
		3D8E3CEC1A5AD50D00CDA2FE /* firstAppTests */ = {
			isa = PBXNativeTarget;
			buildConfigurationList = 3D8E3CFA1A5AD50D00CDA2FE /* Build configuration list for PBXNativeTarget "firstAppTests" */;
			buildPhases = (
				3D8E3CE91A5AD50D00CDA2FE /* Sources */,
				3D8E3CEA1A5AD50D00CDA2FE /* Frameworks */,
				3D8E3CEB1A5AD50D00CDA2FE /* Resources */,
			);
			buildRules = (
			);
			dependencies = (
				3D8E3CEF1A5AD50D00CDA2FE /* PBXTargetDependency */,
			);
			name = firstAppTests;
			productName = firstAppTests;
			productReference = 3D8E3CED1A5AD50D00CDA2FE /* firstAppTests.xctest */;
			productType = "com.apple.product-type.bundle.unit-test";
		};
/* End PBXNativeTarget section */

/* Begin PBXProject section */
		3D8E3CCC1A5AD50C00CDA2FE /* Project object */ = {
			isa = PBXProject;
			attributes = {
				LastUpgradeCheck = 0610;
				ORGANIZATIONNAME = "William Judd";
				TargetAttributes = {
					3D8E3CD31A5AD50C00CDA2FE = {
						CreatedOnToolsVersion = 6.1;
					};
					3D8E3CEC1A5AD50D00CDA2FE = {
						CreatedOnToolsVersion = 6.1;
						TestTargetID = 3D8E3CD31A5AD50C00CDA2FE;
					};
				};
			};
			buildConfigurationList = 3D8E3CCF1A5AD50C00CDA2FE /* Build configuration list for PBXProject "firstApp" */;
			compatibilityVersion = "Xcode 3.2";
			developmentRegion = English;
			hasScannedForEncodings = 0;
			knownRegions = (
				en,
				Base,
			);
			mainGroup = 3D8E3CCB1A5AD50C00CDA2FE;
			productRefGroup = 3D8E3CD51A5AD50C00CDA2FE /* Products */;
			projectDirPath = "";
			projectRoot = "";
			targets = (
				3D8E3CD31A5AD50C00CDA2FE /* firstApp */,
				3D8E3CEC1A5AD50D00CDA2FE /* firstAppTests */,
			);
		};
/* End PBXProject section */

/* Begin PBXResourcesBuildPhase section */
		3D8E3CD21A5AD50C00CDA2FE /* Resources */ = {
			isa = PBXResourcesBuildPhase;
			buildActionMask = 2147483647;
			files = (
				3D8E3CE31A5AD50C00CDA2FE /* Main.storyboard in Resources */,
				3D8E3CE81A5AD50C00CDA2FE /* LaunchScreen.xib in Resources */,
				3D8E3CE51A5AD50C00CDA2FE /* Images.xcassets in Resources */,
			);
			runOnlyForDeploymentPostprocessing = 0;
		};
		3D8E3CEB1A5AD50D00CDA2FE /* Resources */ = {
			isa = PBXResourcesBuildPhase;
			buildActionMask = 2147483647;
			files = (
			);
			runOnlyForDeploymentPostprocessing = 0;
		};
/* End PBXResourcesBuildPhase section */

/* Begin PBXSourcesBuildPhase section */
		3D8E3CD01A5AD50C00CDA2FE /* Sources */ = {
			isa = PBXSourcesBuildPhase;
			buildActionMask = 2147483647;
			files = (
				3D8E3CE01A5AD50C00CDA2FE /* ViewController.m in Sources */,
				3D8E3CFF1A5AE81400CDA2FE /* PrettyButton.m in Sources */,
				3D8E3CDD1A5AD50C00CDA2FE /* AppDelegate.m in Sources */,
				3D8E3CDA1A5AD50C00CDA2FE /* main.m in Sources */,
			);
			runOnlyForDeploymentPostprocessing = 0;
		};
		3D8E3CE91A5AD50D00CDA2FE /* Sources */ = {
			isa = PBXSourcesBuildPhase;
			buildActionMask = 2147483647;
			files = (
				3D8E3CF41A5AD50D00CDA2FE /* firstAppTests.m in Sources */,
			);
			runOnlyForDeploymentPostprocessing = 0;
		};
/* End PBXSourcesBuildPhase section */

/* Begin PBXTargetDependency section */
		3D8E3CEF1A5AD50D00CDA2FE /* PBXTargetDependency */ = {
			isa = PBXTargetDependency;
			target = 3D8E3CD31A5AD50C00CDA2FE /* firstApp */;
			targetProxy = 3D8E3CEE1A5AD50D00CDA2FE /* PBXContainerItemProxy */;
		};
/* End PBXTargetDependency section */

/* Begin PBXVariantGroup section */
		3D8E3CE11A5AD50C00CDA2FE /* Main.storyboard */ = {
			isa = PBXVariantGroup;
			children = (
				3D8E3CE21A5AD50C00CDA2FE /* Base */,
			);
			name = Main.storyboard;
			sourceTree = "<group>";
		};
		3D8E3CE61A5AD50C00CDA2FE /* LaunchScreen.xib */ = {
			isa = PBXVariantGroup;
			children = (
				3D8E3CE71A5AD50C00CDA2FE /* Base */,
			);
			name = LaunchScreen.xib;
			sourceTree = "<group>";
		};
/* End PBXVariantGroup section */

/* Begin XCBuildConfiguration section */
		3D8E3CF51A5AD50D00CDA2FE /* Debug */ = {
			isa = XCBuildConfiguration;
			buildSettings = {
				ALWAYS_SEARCH_USER_PATHS = NO;
				CLANG_CXX_LANGUAGE_STANDARD = "gnu++0x";
				CLANG_CXX_LIBRARY = "libc++";
				CLANG_ENABLE_MODULES = YES;
				CLANG_ENABLE_OBJC_ARC = YES;
				CLANG_WARN_BOOL_CONVERSION = YES;
				CLANG_WARN_CONSTANT_CONVERSION = YES;
				CLANG_WARN_DIRECT_OBJC_ISA_USAGE = YES_ERROR;
				CLANG_WARN_EMPTY_BODY = YES;
				CLANG_WARN_ENUM_CONVERSION = YES;
				CLANG_WARN_INT_CONVERSION = YES;
				CLANG_WARN_OBJC_ROOT_CLASS = YES_ERROR;
				CLANG_WARN_UNREACHABLE_CODE = YES;
				CLANG_WARN__DUPLICATE_METHOD_MATCH = YES;
				"CODE_SIGN_IDENTITY[sdk=iphoneos*]" = "iPhone Developer";
				COPY_PHASE_STRIP = NO;
				ENABLE_STRICT_OBJC_MSGSEND = YES;
				GCC_C_LANGUAGE_STANDARD = gnu99;
				GCC_DYNAMIC_NO_PIC = NO;
				GCC_OPTIMIZATION_LEVEL = 0;
				GCC_PREPROCESSOR_DEFINITIONS = (
					"DEBUG=1",
					"$(inherited)",
				);
				GCC_SYMBOLS_PRIVATE_EXTERN = NO;
				GCC_WARN_64_TO_32_BIT_CONVERSION = YES;
				GCC_WARN_ABOUT_RETURN_TYPE = YES_ERROR;
				GCC_WARN_UNDECLARED_SELECTOR = YES;
				GCC_WARN_UNINITIALIZED_AUTOS = YES_AGGRESSIVE;
				GCC_WARN_UNUSED_FUNCTION = YES;
				GCC_WARN_UNUSED_VARIABLE = YES;
				IPHONEOS_DEPLOYMENT_TARGET = 8.1;
				MTL_ENABLE_DEBUG_INFO = YES;
				ONLY_ACTIVE_ARCH = YES;
				SDKROOT = iphoneos;
			};
			name = Debug;
		};
		3D8E3CF61A5AD50D00CDA2FE /* Release */ = {
			isa = XCBuildConfiguration;
			buildSettings = {
				ALWAYS_SEARCH_USER_PATHS = NO;
				CLANG_CXX_LANGUAGE_STANDARD = "gnu++0x";
				CLANG_CXX_LIBRARY = "libc++";
				CLANG_ENABLE_MODULES = YES;
				CLANG_ENABLE_OBJC_ARC = YES;
				CLANG_WARN_BOOL_CONVERSION = YES;
				CLANG_WARN_CONSTANT_CONVERSION = YES;
				CLANG_WARN_DIRECT_OBJC_ISA_USAGE = YES_ERROR;
				CLANG_WARN_EMPTY_BODY = YES;
				CLANG_WARN_ENUM_CONVERSION = YES;
				CLANG_WARN_INT_CONVERSION = YES;
				CLANG_WARN_OBJC_ROOT_CLASS = YES_ERROR;
				CLANG_WARN_UNREACHABLE_CODE = YES;
				CLANG_WARN__DUPLICATE_METHOD_MATCH = YES;
				"CODE_SIGN_IDENTITY[sdk=iphoneos*]" = "iPhone Developer";
				COPY_PHASE_STRIP = YES;
				ENABLE_NS_ASSERTIONS = NO;
				ENABLE_STRICT_OBJC_MSGSEND = YES;
				GCC_C_LANGUAGE_STANDARD = gnu99;
				GCC_WARN_64_TO_32_BIT_CONVERSION = YES;
				GCC_WARN_ABOUT_RETURN_TYPE = YES_ERROR;
				GCC_WARN_UNDECLARED_SELECTOR = YES;
				GCC_WARN_UNINITIALIZED_AUTOS = YES_AGGRESSIVE;
				GCC_WARN_UNUSED_FUNCTION = YES;
				GCC_WARN_UNUSED_VARIABLE = YES;
				IPHONEOS_DEPLOYMENT_TARGET = 8.1;
				MTL_ENABLE_DEBUG_INFO = NO;
				SDKROOT = iphoneos;
				VALIDATE_PRODUCT = YES;
			};
			name = Release;
		};
		3D8E3CF81A5AD50D00CDA2FE /* Debug */ = {
			isa = XCBuildConfiguration;
			buildSettings = {
				ASSETCATALOG_COMPILER_APPICON_NAME = AppIcon;
				CODE_SIGN_IDENTITY = "iPhone Developer";
				INFOPLIST_FILE = firstApp/Info.plist;
				LD_RUNPATH_SEARCH_PATHS = "$(inherited) @executable_path/Frameworks";
				PRODUCT_NAME = "$(TARGET_NAME)";
			};
			name = Debug;
		};
		3D8E3CF91A5AD50D00CDA2FE /* Release */ = {
			isa = XCBuildConfiguration;
			buildSettings = {
				ASSETCATALOG_COMPILER_APPICON_NAME = AppIcon;
				CODE_SIGN_IDENTITY = "iPhone Developer";
				INFOPLIST_FILE = firstApp/Info.plist;
				LD_RUNPATH_SEARCH_PATHS = "$(inherited) @executable_path/Frameworks";
				PRODUCT_NAME = "$(TARGET_NAME)";
			};
			name = Release;
		};
		3D8E3CFB1A5AD50D00CDA2FE /* Debug */ = {
			isa = XCBuildConfiguration;
			buildSettings = {
				BUNDLE_LOADER = "$(TEST_HOST)";
				FRAMEWORK_SEARCH_PATHS = (
					"$(SDKROOT)/Developer/Library/Frameworks",
					"$(inherited)",
				);
				GCC_PREPROCESSOR_DEFINITIONS = (
					"DEBUG=1",
					"$(inherited)",
				);
				INFOPLIST_FILE = firstAppTests/Info.plist;
				LD_RUNPATH_SEARCH_PATHS = "$(inherited) @executable_path/Frameworks @loader_path/Frameworks";
				PRODUCT_NAME = "$(TARGET_NAME)";
				TEST_HOST = "$(BUILT_PRODUCTS_DIR)/firstApp.app/firstApp";
			};
			name = Debug;
		};
		3D8E3CFC1A5AD50D00CDA2FE /* Release */ = {
			isa = XCBuildConfiguration;
			buildSettings = {
				BUNDLE_LOADER = "$(TEST_HOST)";
				FRAMEWORK_SEARCH_PATHS = (
					"$(SDKROOT)/Developer/Library/Frameworks",
					"$(inherited)",
				);
				INFOPLIST_FILE = firstAppTests/Info.plist;
				LD_RUNPATH_SEARCH_PATHS = "$(inherited) @executable_path/Frameworks @loader_path/Frameworks";
				PRODUCT_NAME = "$(TARGET_NAME)";
				TEST_HOST = "$(BUILT_PRODUCTS_DIR)/firstApp.app/firstApp";
			};
			name = Release;
		};
/* End XCBuildConfiguration section */

/* Begin XCConfigurationList section */
		3D8E3CCF1A5AD50C00CDA2FE /* Build configuration list for PBXProject "firstApp" */ = {
			isa = XCConfigurationList;
			buildConfigurations = (
				3D8E3CF51A5AD50D00CDA2FE /* Debug */,
				3D8E3CF61A5AD50D00CDA2FE /* Release */,
			);
			defaultConfigurationIsVisible = 0;
			defaultConfigurationName = Release;
		};
		3D8E3CF71A5AD50D00CDA2FE /* Build configuration list for PBXNativeTarget "firstApp" */ = {
			isa = XCConfigurationList;
			buildConfigurations = (
				3D8E3CF81A5AD50D00CDA2FE /* Debug */,
				3D8E3CF91A5AD50D00CDA2FE /* Release */,
			);
			defaultConfigurationIsVisible = 0;
		};
		3D8E3CFA1A5AD50D00CDA2FE /* Build configuration list for PBXNativeTarget "firstAppTests" */ = {
			isa = XCConfigurationList;
			buildConfigurations = (
				3D8E3CFB1A5AD50D00CDA2FE /* Debug */,
				3D8E3CFC1A5AD50D00CDA2FE /* Release */,
			);
			defaultConfigurationIsVisible = 0;
		};
/* End XCConfigurationList section */
	};
	rootObject = 3D8E3CCC1A5AD50C00CDA2FE /* Project object */;
}
