// !$*UTF8*$!
{
	archiveVersion = 1;
	classes = {
	};
	objectVersion = 46;
	objects = {

/* Begin PBXBuildFile section */
		3D6F66ED1A75698300B969F5 /* Twitter.framework in Frameworks */ = {isa = PBXBuildFile; fileRef = 3D6F66EC1A75698300B969F5 /* Twitter.framework */; };
		3D6F66EF1A7569A700B969F5 /* Accounts.framework in Frameworks */ = {isa = PBXBuildFile; fileRef = 3D6F66EE1A7569A700B969F5 /* Accounts.framework */; };
		3D6F66F11A7569D500B969F5 /* Social.framework in Frameworks */ = {isa = PBXBuildFile; fileRef = 3D6F66F01A7569D500B969F5 /* Social.framework */; };
		3D843FE61A71B7F800F1E2A5 /* main.m in Sources */ = {isa = PBXBuildFile; fileRef = 3D843FE51A71B7F800F1E2A5 /* main.m */; };
		3D843FE91A71B7F800F1E2A5 /* AppDelegate.m in Sources */ = {isa = PBXBuildFile; fileRef = 3D843FE81A71B7F800F1E2A5 /* AppDelegate.m */; };
		3D843FEC1A71B7F800F1E2A5 /* ViewController.m in Sources */ = {isa = PBXBuildFile; fileRef = 3D843FEB1A71B7F800F1E2A5 /* ViewController.m */; };
		3D843FEF1A71B7F800F1E2A5 /* Main.storyboard in Resources */ = {isa = PBXBuildFile; fileRef = 3D843FED1A71B7F800F1E2A5 /* Main.storyboard */; };
		3D843FF11A71B7F800F1E2A5 /* Images.xcassets in Resources */ = {isa = PBXBuildFile; fileRef = 3D843FF01A71B7F800F1E2A5 /* Images.xcassets */; };
		3D843FF41A71B7F800F1E2A5 /* LaunchScreen.xib in Resources */ = {isa = PBXBuildFile; fileRef = 3D843FF21A71B7F800F1E2A5 /* LaunchScreen.xib */; };
		3D8440001A71B7F800F1E2A5 /* My_FriendsTests.m in Sources */ = {isa = PBXBuildFile; fileRef = 3D843FFF1A71B7F800F1E2A5 /* My_FriendsTests.m */; };
		3D84400F1A71B88400F1E2A5 /* Bolts.framework in Frameworks */ = {isa = PBXBuildFile; fileRef = 3D84400A1A71B88400F1E2A5 /* Bolts.framework */; };
		3D8440101A71B88400F1E2A5 /* Parse.framework in Frameworks */ = {isa = PBXBuildFile; fileRef = 3D84400B1A71B88400F1E2A5 /* Parse.framework */; };
		3D8440111A71B88400F1E2A5 /* ParseCrashReporting.framework in Frameworks */ = {isa = PBXBuildFile; fileRef = 3D84400C1A71B88400F1E2A5 /* ParseCrashReporting.framework */; };
		3D8440121A71B88400F1E2A5 /* ParseFacebookUtils.framework in Frameworks */ = {isa = PBXBuildFile; fileRef = 3D84400D1A71B88400F1E2A5 /* ParseFacebookUtils.framework */; };
		3D8440131A71B88400F1E2A5 /* ParseUI.framework in Frameworks */ = {isa = PBXBuildFile; fileRef = 3D84400E1A71B88400F1E2A5 /* ParseUI.framework */; };
		3D8440151A71B8C000F1E2A5 /* AudioToolbox.framework in Frameworks */ = {isa = PBXBuildFile; fileRef = 3D8440141A71B8C000F1E2A5 /* AudioToolbox.framework */; };
		3D8440171A71B8CF00F1E2A5 /* CFNetwork.framework in Frameworks */ = {isa = PBXBuildFile; fileRef = 3D8440161A71B8CF00F1E2A5 /* CFNetwork.framework */; };
		3D8440191A71B8D900F1E2A5 /* CoreGraphics.framework in Frameworks */ = {isa = PBXBuildFile; fileRef = 3D8440181A71B8D900F1E2A5 /* CoreGraphics.framework */; };
		3D84401B1A71B8DF00F1E2A5 /* CoreLocation.framework in Frameworks */ = {isa = PBXBuildFile; fileRef = 3D84401A1A71B8DF00F1E2A5 /* CoreLocation.framework */; };
		3D84401D1A71B8EA00F1E2A5 /* MobileCoreServices.framework in Frameworks */ = {isa = PBXBuildFile; fileRef = 3D84401C1A71B8EA00F1E2A5 /* MobileCoreServices.framework */; };
		3D84401F1A71B8F700F1E2A5 /* QuartzCore.framework in Frameworks */ = {isa = PBXBuildFile; fileRef = 3D84401E1A71B8F700F1E2A5 /* QuartzCore.framework */; };
		3D8440211A71B90000F1E2A5 /* Security.framework in Frameworks */ = {isa = PBXBuildFile; fileRef = 3D8440201A71B90000F1E2A5 /* Security.framework */; };
		3D8440231A71B90900F1E2A5 /* StoreKit.framework in Frameworks */ = {isa = PBXBuildFile; fileRef = 3D8440221A71B90900F1E2A5 /* StoreKit.framework */; };
		3D8440251A71B91700F1E2A5 /* SystemConfiguration.framework in Frameworks */ = {isa = PBXBuildFile; fileRef = 3D8440241A71B91700F1E2A5 /* SystemConfiguration.framework */; };
		3D8440271A71B92500F1E2A5 /* libz.dylib in Frameworks */ = {isa = PBXBuildFile; fileRef = 3D8440261A71B92500F1E2A5 /* libz.dylib */; };
		3D8440291A71B93300F1E2A5 /* libsqlite3.dylib in Frameworks */ = {isa = PBXBuildFile; fileRef = 3D8440281A71B93300F1E2A5 /* libsqlite3.dylib */; };
		3D84402C1A71C07300F1E2A5 /* TableViewController.m in Sources */ = {isa = PBXBuildFile; fileRef = 3D84402B1A71C07300F1E2A5 /* TableViewController.m */; };
		3D84402F1A71C9F300F1E2A5 /* LogInViewController.m in Sources */ = {isa = PBXBuildFile; fileRef = 3D84402E1A71C9F300F1E2A5 /* LogInViewController.m */; };
/* End PBXBuildFile section */

/* Begin PBXContainerItemProxy section */
		3D843FFA1A71B7F800F1E2A5 /* PBXContainerItemProxy */ = {
			isa = PBXContainerItemProxy;
			containerPortal = 3D843FD81A71B7F800F1E2A5 /* Project object */;
			proxyType = 1;
			remoteGlobalIDString = 3D843FDF1A71B7F800F1E2A5;
			remoteInfo = "My Friends";
		};
/* End PBXContainerItemProxy section */

/* Begin PBXFileReference section */
		3D6F66EC1A75698300B969F5 /* Twitter.framework */ = {isa = PBXFileReference; lastKnownFileType = wrapper.framework; name = Twitter.framework; path = System/Library/Frameworks/Twitter.framework; sourceTree = SDKROOT; };
		3D6F66EE1A7569A700B969F5 /* Accounts.framework */ = {isa = PBXFileReference; lastKnownFileType = wrapper.framework; name = Accounts.framework; path = System/Library/Frameworks/Accounts.framework; sourceTree = SDKROOT; };
		3D6F66F01A7569D500B969F5 /* Social.framework */ = {isa = PBXFileReference; lastKnownFileType = wrapper.framework; name = Social.framework; path = System/Library/Frameworks/Social.framework; sourceTree = SDKROOT; };
		3D843FE01A71B7F800F1E2A5 /* My Friends.app */ = {isa = PBXFileReference; explicitFileType = wrapper.application; includeInIndex = 0; path = "My Friends.app"; sourceTree = BUILT_PRODUCTS_DIR; };
		3D843FE41A71B7F800F1E2A5 /* Info.plist */ = {isa = PBXFileReference; lastKnownFileType = text.plist.xml; path = Info.plist; sourceTree = "<group>"; };
		3D843FE51A71B7F800F1E2A5 /* main.m */ = {isa = PBXFileReference; lastKnownFileType = sourcecode.c.objc; path = main.m; sourceTree = "<group>"; };
		3D843FE71A71B7F800F1E2A5 /* AppDelegate.h */ = {isa = PBXFileReference; lastKnownFileType = sourcecode.c.h; path = AppDelegate.h; sourceTree = "<group>"; };
		3D843FE81A71B7F800F1E2A5 /* AppDelegate.m */ = {isa = PBXFileReference; lastKnownFileType = sourcecode.c.objc; path = AppDelegate.m; sourceTree = "<group>"; };
		3D843FEA1A71B7F800F1E2A5 /* ViewController.h */ = {isa = PBXFileReference; lastKnownFileType = sourcecode.c.h; path = ViewController.h; sourceTree = "<group>"; };
		3D843FEB1A71B7F800F1E2A5 /* ViewController.m */ = {isa = PBXFileReference; lastKnownFileType = sourcecode.c.objc; path = ViewController.m; sourceTree = "<group>"; };
		3D843FEE1A71B7F800F1E2A5 /* Base */ = {isa = PBXFileReference; lastKnownFileType = file.storyboard; name = Base; path = Base.lproj/Main.storyboard; sourceTree = "<group>"; };
		3D843FF01A71B7F800F1E2A5 /* Images.xcassets */ = {isa = PBXFileReference; lastKnownFileType = folder.assetcatalog; path = Images.xcassets; sourceTree = "<group>"; };
		3D843FF31A71B7F800F1E2A5 /* Base */ = {isa = PBXFileReference; lastKnownFileType = file.xib; name = Base; path = Base.lproj/LaunchScreen.xib; sourceTree = "<group>"; };
		3D843FF91A71B7F800F1E2A5 /* My FriendsTests.xctest */ = {isa = PBXFileReference; explicitFileType = wrapper.cfbundle; includeInIndex = 0; path = "My FriendsTests.xctest"; sourceTree = BUILT_PRODUCTS_DIR; };
		3D843FFE1A71B7F800F1E2A5 /* Info.plist */ = {isa = PBXFileReference; lastKnownFileType = text.plist.xml; path = Info.plist; sourceTree = "<group>"; };
		3D843FFF1A71B7F800F1E2A5 /* My_FriendsTests.m */ = {isa = PBXFileReference; lastKnownFileType = sourcecode.c.objc; path = My_FriendsTests.m; sourceTree = "<group>"; };
		3D84400A1A71B88400F1E2A5 /* Bolts.framework */ = {isa = PBXFileReference; lastKnownFileType = wrapper.framework; path = Bolts.framework; sourceTree = "<group>"; };
		3D84400B1A71B88400F1E2A5 /* Parse.framework */ = {isa = PBXFileReference; lastKnownFileType = wrapper.framework; path = Parse.framework; sourceTree = "<group>"; };
		3D84400C1A71B88400F1E2A5 /* ParseCrashReporting.framework */ = {isa = PBXFileReference; lastKnownFileType = wrapper.framework; path = ParseCrashReporting.framework; sourceTree = "<group>"; };
		3D84400D1A71B88400F1E2A5 /* ParseFacebookUtils.framework */ = {isa = PBXFileReference; lastKnownFileType = wrapper.framework; path = ParseFacebookUtils.framework; sourceTree = "<group>"; };
		3D84400E1A71B88400F1E2A5 /* ParseUI.framework */ = {isa = PBXFileReference; lastKnownFileType = wrapper.framework; path = ParseUI.framework; sourceTree = "<group>"; };
		3D8440141A71B8C000F1E2A5 /* AudioToolbox.framework */ = {isa = PBXFileReference; lastKnownFileType = wrapper.framework; name = AudioToolbox.framework; path = System/Library/Frameworks/AudioToolbox.framework; sourceTree = SDKROOT; };
		3D8440161A71B8CF00F1E2A5 /* CFNetwork.framework */ = {isa = PBXFileReference; lastKnownFileType = wrapper.framework; name = CFNetwork.framework; path = System/Library/Frameworks/CFNetwork.framework; sourceTree = SDKROOT; };
		3D8440181A71B8D900F1E2A5 /* CoreGraphics.framework */ = {isa = PBXFileReference; lastKnownFileType = wrapper.framework; name = CoreGraphics.framework; path = System/Library/Frameworks/CoreGraphics.framework; sourceTree = SDKROOT; };
		3D84401A1A71B8DF00F1E2A5 /* CoreLocation.framework */ = {isa = PBXFileReference; lastKnownFileType = wrapper.framework; name = CoreLocation.framework; path = System/Library/Frameworks/CoreLocation.framework; sourceTree = SDKROOT; };
		3D84401C1A71B8EA00F1E2A5 /* MobileCoreServices.framework */ = {isa = PBXFileReference; lastKnownFileType = wrapper.framework; name = MobileCoreServices.framework; path = System/Library/Frameworks/MobileCoreServices.framework; sourceTree = SDKROOT; };
		3D84401E1A71B8F700F1E2A5 /* QuartzCore.framework */ = {isa = PBXFileReference; lastKnownFileType = wrapper.framework; name = QuartzCore.framework; path = System/Library/Frameworks/QuartzCore.framework; sourceTree = SDKROOT; };
		3D8440201A71B90000F1E2A5 /* Security.framework */ = {isa = PBXFileReference; lastKnownFileType = wrapper.framework; name = Security.framework; path = System/Library/Frameworks/Security.framework; sourceTree = SDKROOT; };
		3D8440221A71B90900F1E2A5 /* StoreKit.framework */ = {isa = PBXFileReference; lastKnownFileType = wrapper.framework; name = StoreKit.framework; path = System/Library/Frameworks/StoreKit.framework; sourceTree = SDKROOT; };
		3D8440241A71B91700F1E2A5 /* SystemConfiguration.framework */ = {isa = PBXFileReference; lastKnownFileType = wrapper.framework; name = SystemConfiguration.framework; path = System/Library/Frameworks/SystemConfiguration.framework; sourceTree = SDKROOT; };
		3D8440261A71B92500F1E2A5 /* libz.dylib */ = {isa = PBXFileReference; lastKnownFileType = "compiled.mach-o.dylib"; name = libz.dylib; path = usr/lib/libz.dylib; sourceTree = SDKROOT; };
		3D8440281A71B93300F1E2A5 /* libsqlite3.dylib */ = {isa = PBXFileReference; lastKnownFileType = "compiled.mach-o.dylib"; name = libsqlite3.dylib; path = usr/lib/libsqlite3.dylib; sourceTree = SDKROOT; };
		3D84402A1A71C07300F1E2A5 /* TableViewController.h */ = {isa = PBXFileReference; fileEncoding = 4; lastKnownFileType = sourcecode.c.h; path = TableViewController.h; sourceTree = "<group>"; };
		3D84402B1A71C07300F1E2A5 /* TableViewController.m */ = {isa = PBXFileReference; fileEncoding = 4; lastKnownFileType = sourcecode.c.objc; path = TableViewController.m; sourceTree = "<group>"; };
		3D84402D1A71C9F300F1E2A5 /* LogInViewController.h */ = {isa = PBXFileReference; fileEncoding = 4; lastKnownFileType = sourcecode.c.h; path = LogInViewController.h; sourceTree = "<group>"; };
		3D84402E1A71C9F300F1E2A5 /* LogInViewController.m */ = {isa = PBXFileReference; fileEncoding = 4; lastKnownFileType = sourcecode.c.objc; path = LogInViewController.m; sourceTree = "<group>"; };
/* End PBXFileReference section */

/* Begin PBXFrameworksBuildPhase section */
		3D843FDD1A71B7F800F1E2A5 /* Frameworks */ = {
			isa = PBXFrameworksBuildPhase;
			buildActionMask = 2147483647;
			files = (
				3D6F66F11A7569D500B969F5 /* Social.framework in Frameworks */,
				3D6F66EF1A7569A700B969F5 /* Accounts.framework in Frameworks */,
				3D6F66ED1A75698300B969F5 /* Twitter.framework in Frameworks */,
				3D8440291A71B93300F1E2A5 /* libsqlite3.dylib in Frameworks */,
				3D8440271A71B92500F1E2A5 /* libz.dylib in Frameworks */,
				3D8440251A71B91700F1E2A5 /* SystemConfiguration.framework in Frameworks */,
				3D8440231A71B90900F1E2A5 /* StoreKit.framework in Frameworks */,
				3D8440211A71B90000F1E2A5 /* Security.framework in Frameworks */,
				3D84401F1A71B8F700F1E2A5 /* QuartzCore.framework in Frameworks */,
				3D84401D1A71B8EA00F1E2A5 /* MobileCoreServices.framework in Frameworks */,
				3D84401B1A71B8DF00F1E2A5 /* CoreLocation.framework in Frameworks */,
				3D8440191A71B8D900F1E2A5 /* CoreGraphics.framework in Frameworks */,
				3D8440171A71B8CF00F1E2A5 /* CFNetwork.framework in Frameworks */,
				3D8440151A71B8C000F1E2A5 /* AudioToolbox.framework in Frameworks */,
				3D8440101A71B88400F1E2A5 /* Parse.framework in Frameworks */,
				3D8440111A71B88400F1E2A5 /* ParseCrashReporting.framework in Frameworks */,
				3D8440131A71B88400F1E2A5 /* ParseUI.framework in Frameworks */,
				3D8440121A71B88400F1E2A5 /* ParseFacebookUtils.framework in Frameworks */,
				3D84400F1A71B88400F1E2A5 /* Bolts.framework in Frameworks */,
			);
			runOnlyForDeploymentPostprocessing = 0;
		};
		3D843FF61A71B7F800F1E2A5 /* Frameworks */ = {
			isa = PBXFrameworksBuildPhase;
			buildActionMask = 2147483647;
			files = (
			);
			runOnlyForDeploymentPostprocessing = 0;
		};
/* End PBXFrameworksBuildPhase section */

/* Begin PBXGroup section */
		3D843FD71A71B7F800F1E2A5 = {
			isa = PBXGroup;
			children = (
				3D843FE21A71B7F800F1E2A5 /* My Friends */,
				3D843FFC1A71B7F800F1E2A5 /* My FriendsTests */,
				3D843FE11A71B7F800F1E2A5 /* Products */,
				3D8440091A71B81500F1E2A5 /* Frameworks */,
			);
			sourceTree = "<group>";
		};
		3D843FE11A71B7F800F1E2A5 /* Products */ = {
			isa = PBXGroup;
			children = (
				3D843FE01A71B7F800F1E2A5 /* My Friends.app */,
				3D843FF91A71B7F800F1E2A5 /* My FriendsTests.xctest */,
			);
			name = Products;
			sourceTree = "<group>";
		};
		3D843FE21A71B7F800F1E2A5 /* My Friends */ = {
			isa = PBXGroup;
			children = (
				3D843FE71A71B7F800F1E2A5 /* AppDelegate.h */,
				3D843FE81A71B7F800F1E2A5 /* AppDelegate.m */,
				3D843FEA1A71B7F800F1E2A5 /* ViewController.h */,
				3D843FEB1A71B7F800F1E2A5 /* ViewController.m */,
				3D84402D1A71C9F300F1E2A5 /* LogInViewController.h */,
				3D84402E1A71C9F300F1E2A5 /* LogInViewController.m */,
				3D84402A1A71C07300F1E2A5 /* TableViewController.h */,
				3D84402B1A71C07300F1E2A5 /* TableViewController.m */,
				3D843FED1A71B7F800F1E2A5 /* Main.storyboard */,
				3D843FF01A71B7F800F1E2A5 /* Images.xcassets */,
				3D843FF21A71B7F800F1E2A5 /* LaunchScreen.xib */,
				3D843FE31A71B7F800F1E2A5 /* Supporting Files */,
			);
			path = "My Friends";
			sourceTree = "<group>";
		};
		3D843FE31A71B7F800F1E2A5 /* Supporting Files */ = {
			isa = PBXGroup;
			children = (
				3D843FE41A71B7F800F1E2A5 /* Info.plist */,
				3D843FE51A71B7F800F1E2A5 /* main.m */,
			);
			name = "Supporting Files";
			sourceTree = "<group>";
		};
		3D843FFC1A71B7F800F1E2A5 /* My FriendsTests */ = {
			isa = PBXGroup;
			children = (
				3D843FFF1A71B7F800F1E2A5 /* My_FriendsTests.m */,
				3D843FFD1A71B7F800F1E2A5 /* Supporting Files */,
			);
			path = "My FriendsTests";
			sourceTree = "<group>";
		};
		3D843FFD1A71B7F800F1E2A5 /* Supporting Files */ = {
			isa = PBXGroup;
			children = (
				3D843FFE1A71B7F800F1E2A5 /* Info.plist */,
			);
			name = "Supporting Files";
			sourceTree = "<group>";
		};
		3D8440091A71B81500F1E2A5 /* Frameworks */ = {
			isa = PBXGroup;
			children = (
				3D6F66F01A7569D500B969F5 /* Social.framework */,
				3D6F66EE1A7569A700B969F5 /* Accounts.framework */,
				3D6F66EC1A75698300B969F5 /* Twitter.framework */,
				3D8440281A71B93300F1E2A5 /* libsqlite3.dylib */,
				3D8440261A71B92500F1E2A5 /* libz.dylib */,
				3D8440241A71B91700F1E2A5 /* SystemConfiguration.framework */,
				3D8440221A71B90900F1E2A5 /* StoreKit.framework */,
				3D8440201A71B90000F1E2A5 /* Security.framework */,
				3D84401E1A71B8F700F1E2A5 /* QuartzCore.framework */,
				3D84401C1A71B8EA00F1E2A5 /* MobileCoreServices.framework */,
				3D84401A1A71B8DF00F1E2A5 /* CoreLocation.framework */,
				3D8440181A71B8D900F1E2A5 /* CoreGraphics.framework */,
				3D8440161A71B8CF00F1E2A5 /* CFNetwork.framework */,
				3D8440141A71B8C000F1E2A5 /* AudioToolbox.framework */,
				3D84400A1A71B88400F1E2A5 /* Bolts.framework */,
				3D84400B1A71B88400F1E2A5 /* Parse.framework */,
				3D84400C1A71B88400F1E2A5 /* ParseCrashReporting.framework */,
				3D84400D1A71B88400F1E2A5 /* ParseFacebookUtils.framework */,
				3D84400E1A71B88400F1E2A5 /* ParseUI.framework */,
			);
			name = Frameworks;
			sourceTree = "<group>";
		};
/* End PBXGroup section */

/* Begin PBXNativeTarget section */
		3D843FDF1A71B7F800F1E2A5 /* My Friends */ = {
			isa = PBXNativeTarget;
			buildConfigurationList = 3D8440031A71B7F800F1E2A5 /* Build configuration list for PBXNativeTarget "My Friends" */;
			buildPhases = (
				3D843FDC1A71B7F800F1E2A5 /* Sources */,
				3D843FDD1A71B7F800F1E2A5 /* Frameworks */,
				3D843FDE1A71B7F800F1E2A5 /* Resources */,
			);
			buildRules = (
			);
			dependencies = (
			);
			name = "My Friends";
			productName = "My Friends";
			productReference = 3D843FE01A71B7F800F1E2A5 /* My Friends.app */;
			productType = "com.apple.product-type.application";
		};
		3D843FF81A71B7F800F1E2A5 /* My FriendsTests */ = {
			isa = PBXNativeTarget;
			buildConfigurationList = 3D8440061A71B7F800F1E2A5 /* Build configuration list for PBXNativeTarget "My FriendsTests" */;
			buildPhases = (
				3D843FF51A71B7F800F1E2A5 /* Sources */,
				3D843FF61A71B7F800F1E2A5 /* Frameworks */,
				3D843FF71A71B7F800F1E2A5 /* Resources */,
			);
			buildRules = (
			);
			dependencies = (
				3D843FFB1A71B7F800F1E2A5 /* PBXTargetDependency */,
			);
			name = "My FriendsTests";
			productName = "My FriendsTests";
			productReference = 3D843FF91A71B7F800F1E2A5 /* My FriendsTests.xctest */;
			productType = "com.apple.product-type.bundle.unit-test";
		};
/* End PBXNativeTarget section */

/* Begin PBXProject section */
		3D843FD81A71B7F800F1E2A5 /* Project object */ = {
			isa = PBXProject;
			attributes = {
				LastUpgradeCheck = 0610;
				ORGANIZATIONNAME = "William Judd";
				TargetAttributes = {
					3D843FDF1A71B7F800F1E2A5 = {
						CreatedOnToolsVersion = 6.1;
					};
					3D843FF81A71B7F800F1E2A5 = {
						CreatedOnToolsVersion = 6.1;
						TestTargetID = 3D843FDF1A71B7F800F1E2A5;
					};
				};
			};
			buildConfigurationList = 3D843FDB1A71B7F800F1E2A5 /* Build configuration list for PBXProject "My Friends" */;
			compatibilityVersion = "Xcode 3.2";
			developmentRegion = English;
			hasScannedForEncodings = 0;
			knownRegions = (
				en,
				Base,
			);
			mainGroup = 3D843FD71A71B7F800F1E2A5;
			productRefGroup = 3D843FE11A71B7F800F1E2A5 /* Products */;
			projectDirPath = "";
			projectRoot = "";
			targets = (
				3D843FDF1A71B7F800F1E2A5 /* My Friends */,
				3D843FF81A71B7F800F1E2A5 /* My FriendsTests */,
			);
		};
/* End PBXProject section */

/* Begin PBXResourcesBuildPhase section */
		3D843FDE1A71B7F800F1E2A5 /* Resources */ = {
			isa = PBXResourcesBuildPhase;
			buildActionMask = 2147483647;
			files = (
				3D843FEF1A71B7F800F1E2A5 /* Main.storyboard in Resources */,
				3D843FF41A71B7F800F1E2A5 /* LaunchScreen.xib in Resources */,
				3D843FF11A71B7F800F1E2A5 /* Images.xcassets in Resources */,
			);
			runOnlyForDeploymentPostprocessing = 0;
		};
		3D843FF71A71B7F800F1E2A5 /* Resources */ = {
			isa = PBXResourcesBuildPhase;
			buildActionMask = 2147483647;
			files = (
			);
			runOnlyForDeploymentPostprocessing = 0;
		};
/* End PBXResourcesBuildPhase section */

/* Begin PBXSourcesBuildPhase section */
		3D843FDC1A71B7F800F1E2A5 /* Sources */ = {
			isa = PBXSourcesBuildPhase;
			buildActionMask = 2147483647;
			files = (
				3D843FEC1A71B7F800F1E2A5 /* ViewController.m in Sources */,
				3D843FE91A71B7F800F1E2A5 /* AppDelegate.m in Sources */,
				3D84402F1A71C9F300F1E2A5 /* LogInViewController.m in Sources */,
				3D843FE61A71B7F800F1E2A5 /* main.m in Sources */,
				3D84402C1A71C07300F1E2A5 /* TableViewController.m in Sources */,
			);
			runOnlyForDeploymentPostprocessing = 0;
		};
		3D843FF51A71B7F800F1E2A5 /* Sources */ = {
			isa = PBXSourcesBuildPhase;
			buildActionMask = 2147483647;
			files = (
				3D8440001A71B7F800F1E2A5 /* My_FriendsTests.m in Sources */,
			);
			runOnlyForDeploymentPostprocessing = 0;
		};
/* End PBXSourcesBuildPhase section */

/* Begin PBXTargetDependency section */
		3D843FFB1A71B7F800F1E2A5 /* PBXTargetDependency */ = {
			isa = PBXTargetDependency;
			target = 3D843FDF1A71B7F800F1E2A5 /* My Friends */;
			targetProxy = 3D843FFA1A71B7F800F1E2A5 /* PBXContainerItemProxy */;
		};
/* End PBXTargetDependency section */

/* Begin PBXVariantGroup section */
		3D843FED1A71B7F800F1E2A5 /* Main.storyboard */ = {
			isa = PBXVariantGroup;
			children = (
				3D843FEE1A71B7F800F1E2A5 /* Base */,
			);
			name = Main.storyboard;
			sourceTree = "<group>";
		};
		3D843FF21A71B7F800F1E2A5 /* LaunchScreen.xib */ = {
			isa = PBXVariantGroup;
			children = (
				3D843FF31A71B7F800F1E2A5 /* Base */,
			);
			name = LaunchScreen.xib;
			sourceTree = "<group>";
		};
/* End PBXVariantGroup section */

/* Begin XCBuildConfiguration section */
		3D8440011A71B7F800F1E2A5 /* Debug */ = {
			isa = XCBuildConfiguration;
			buildSettings = {
				ALWAYS_SEARCH_USER_PATHS = NO;
				CLANG_CXX_LANGUAGE_STANDARD = "gnu++0x";
				CLANG_CXX_LIBRARY = "libc++";
				CLANG_ENABLE_MODULES = YES;
				CLANG_ENABLE_OBJC_ARC = YES;
				CLANG_WARN_BOOL_CONVERSION = YES;
				CLANG_WARN_CONSTANT_CONVERSION = YES;
				CLANG_WARN_DIRECT_OBJC_ISA_USAGE = YES_ERROR;
				CLANG_WARN_EMPTY_BODY = YES;
				CLANG_WARN_ENUM_CONVERSION = YES;
				CLANG_WARN_INT_CONVERSION = YES;
				CLANG_WARN_OBJC_ROOT_CLASS = YES_ERROR;
				CLANG_WARN_UNREACHABLE_CODE = YES;
				CLANG_WARN__DUPLICATE_METHOD_MATCH = YES;
				"CODE_SIGN_IDENTITY[sdk=iphoneos*]" = "iPhone Developer";
				COPY_PHASE_STRIP = NO;
				ENABLE_STRICT_OBJC_MSGSEND = YES;
				GCC_C_LANGUAGE_STANDARD = gnu99;
				GCC_DYNAMIC_NO_PIC = NO;
				GCC_OPTIMIZATION_LEVEL = 0;
				GCC_PREPROCESSOR_DEFINITIONS = (
					"DEBUG=1",
					"$(inherited)",
				);
				GCC_SYMBOLS_PRIVATE_EXTERN = NO;
				GCC_WARN_64_TO_32_BIT_CONVERSION = YES;
				GCC_WARN_ABOUT_RETURN_TYPE = YES_ERROR;
				GCC_WARN_UNDECLARED_SELECTOR = YES;
				GCC_WARN_UNINITIALIZED_AUTOS = YES_AGGRESSIVE;
				GCC_WARN_UNUSED_FUNCTION = YES;
				GCC_WARN_UNUSED_VARIABLE = YES;
				IPHONEOS_DEPLOYMENT_TARGET = 8.1;
				MTL_ENABLE_DEBUG_INFO = YES;
				ONLY_ACTIVE_ARCH = YES;
				SDKROOT = iphoneos;
			};
			name = Debug;
		};
		3D8440021A71B7F800F1E2A5 /* Release */ = {
			isa = XCBuildConfiguration;
			buildSettings = {
				ALWAYS_SEARCH_USER_PATHS = NO;
				CLANG_CXX_LANGUAGE_STANDARD = "gnu++0x";
				CLANG_CXX_LIBRARY = "libc++";
				CLANG_ENABLE_MODULES = YES;
				CLANG_ENABLE_OBJC_ARC = YES;
				CLANG_WARN_BOOL_CONVERSION = YES;
				CLANG_WARN_CONSTANT_CONVERSION = YES;
				CLANG_WARN_DIRECT_OBJC_ISA_USAGE = YES_ERROR;
				CLANG_WARN_EMPTY_BODY = YES;
				CLANG_WARN_ENUM_CONVERSION = YES;
				CLANG_WARN_INT_CONVERSION = YES;
				CLANG_WARN_OBJC_ROOT_CLASS = YES_ERROR;
				CLANG_WARN_UNREACHABLE_CODE = YES;
				CLANG_WARN__DUPLICATE_METHOD_MATCH = YES;
				"CODE_SIGN_IDENTITY[sdk=iphoneos*]" = "iPhone Developer";
				COPY_PHASE_STRIP = YES;
				ENABLE_NS_ASSERTIONS = NO;
				ENABLE_STRICT_OBJC_MSGSEND = YES;
				GCC_C_LANGUAGE_STANDARD = gnu99;
				GCC_WARN_64_TO_32_BIT_CONVERSION = YES;
				GCC_WARN_ABOUT_RETURN_TYPE = YES_ERROR;
				GCC_WARN_UNDECLARED_SELECTOR = YES;
				GCC_WARN_UNINITIALIZED_AUTOS = YES_AGGRESSIVE;
				GCC_WARN_UNUSED_FUNCTION = YES;
				GCC_WARN_UNUSED_VARIABLE = YES;
				IPHONEOS_DEPLOYMENT_TARGET = 8.1;
				MTL_ENABLE_DEBUG_INFO = NO;
				SDKROOT = iphoneos;
				VALIDATE_PRODUCT = YES;
			};
			name = Release;
		};
		3D8440041A71B7F800F1E2A5 /* Debug */ = {
			isa = XCBuildConfiguration;
			buildSettings = {
				ASSETCATALOG_COMPILER_APPICON_NAME = AppIcon;
				FRAMEWORK_SEARCH_PATHS = (
					"$(inherited)",
					"$(PROJECT_DIR)",
				);
				INFOPLIST_FILE = "My Friends/Info.plist";
				LD_RUNPATH_SEARCH_PATHS = "$(inherited) @executable_path/Frameworks";
				PRODUCT_NAME = "$(TARGET_NAME)";
			};
			name = Debug;
		};
		3D8440051A71B7F800F1E2A5 /* Release */ = {
			isa = XCBuildConfiguration;
			buildSettings = {
				ASSETCATALOG_COMPILER_APPICON_NAME = AppIcon;
				FRAMEWORK_SEARCH_PATHS = (
					"$(inherited)",
					"$(PROJECT_DIR)",
				);
				INFOPLIST_FILE = "My Friends/Info.plist";
				LD_RUNPATH_SEARCH_PATHS = "$(inherited) @executable_path/Frameworks";
				PRODUCT_NAME = "$(TARGET_NAME)";
			};
			name = Release;
		};
		3D8440071A71B7F800F1E2A5 /* Debug */ = {
			isa = XCBuildConfiguration;
			buildSettings = {
				BUNDLE_LOADER = "$(TEST_HOST)";
				FRAMEWORK_SEARCH_PATHS = (
					"$(SDKROOT)/Developer/Library/Frameworks",
					"$(inherited)",
				);
				GCC_PREPROCESSOR_DEFINITIONS = (
					"DEBUG=1",
					"$(inherited)",
				);
				INFOPLIST_FILE = "My FriendsTests/Info.plist";
				LD_RUNPATH_SEARCH_PATHS = "$(inherited) @executable_path/Frameworks @loader_path/Frameworks";
				PRODUCT_NAME = "$(TARGET_NAME)";
				TEST_HOST = "$(BUILT_PRODUCTS_DIR)/My Friends.app/My Friends";
			};
			name = Debug;
		};
		3D8440081A71B7F800F1E2A5 /* Release */ = {
			isa = XCBuildConfiguration;
			buildSettings = {
				BUNDLE_LOADER = "$(TEST_HOST)";
				FRAMEWORK_SEARCH_PATHS = (
					"$(SDKROOT)/Developer/Library/Frameworks",
					"$(inherited)",
				);
				INFOPLIST_FILE = "My FriendsTests/Info.plist";
				LD_RUNPATH_SEARCH_PATHS = "$(inherited) @executable_path/Frameworks @loader_path/Frameworks";
				PRODUCT_NAME = "$(TARGET_NAME)";
				TEST_HOST = "$(BUILT_PRODUCTS_DIR)/My Friends.app/My Friends";
			};
			name = Release;
		};
/* End XCBuildConfiguration section */

/* Begin XCConfigurationList section */
		3D843FDB1A71B7F800F1E2A5 /* Build configuration list for PBXProject "My Friends" */ = {
			isa = XCConfigurationList;
			buildConfigurations = (
				3D8440011A71B7F800F1E2A5 /* Debug */,
				3D8440021A71B7F800F1E2A5 /* Release */,
			);
			defaultConfigurationIsVisible = 0;
			defaultConfigurationName = Release;
		};
		3D8440031A71B7F800F1E2A5 /* Build configuration list for PBXNativeTarget "My Friends" */ = {
			isa = XCConfigurationList;
			buildConfigurations = (
				3D8440041A71B7F800F1E2A5 /* Debug */,
				3D8440051A71B7F800F1E2A5 /* Release */,
			);
			defaultConfigurationIsVisible = 0;
			defaultConfigurationName = Release;
		};
		3D8440061A71B7F800F1E2A5 /* Build configuration list for PBXNativeTarget "My FriendsTests" */ = {
			isa = XCConfigurationList;
			buildConfigurations = (
				3D8440071A71B7F800F1E2A5 /* Debug */,
				3D8440081A71B7F800F1E2A5 /* Release */,
			);
			defaultConfigurationIsVisible = 0;
			defaultConfigurationName = Release;
		};
/* End XCConfigurationList section */
	};
	rootObject = 3D843FD81A71B7F800F1E2A5 /* Project object */;
}
