// !$*UTF8*$!
{
	archiveVersion = 1;
	classes = {
	};
	objectVersion = 46;
	objects = {

/* Begin PBXBuildFile section */
		3D6DBB9E1A5B1414007A36C4 /* main.m in Sources */ = {isa = PBXBuildFile; fileRef = 3D6DBB9D1A5B1414007A36C4 /* main.m */; };
		3D6DBBA11A5B1415007A36C4 /* AppDelegate.m in Sources */ = {isa = PBXBuildFile; fileRef = 3D6DBBA01A5B1415007A36C4 /* AppDelegate.m */; };
		3D6DBBA41A5B1415007A36C4 /* ViewController.m in Sources */ = {isa = PBXBuildFile; fileRef = 3D6DBBA31A5B1415007A36C4 /* ViewController.m */; };
		3D6DBBA71A5B1415007A36C4 /* Main.storyboard in Resources */ = {isa = PBXBuildFile; fileRef = 3D6DBBA51A5B1415007A36C4 /* Main.storyboard */; };
		3D6DBBA91A5B1415007A36C4 /* Images.xcassets in Resources */ = {isa = PBXBuildFile; fileRef = 3D6DBBA81A5B1415007A36C4 /* Images.xcassets */; };
		3D6DBBAC1A5B1415007A36C4 /* LaunchScreen.xib in Resources */ = {isa = PBXBuildFile; fileRef = 3D6DBBAA1A5B1415007A36C4 /* LaunchScreen.xib */; };
		3D6DBBB81A5B1415007A36C4 /* BlahTests.m in Sources */ = {isa = PBXBuildFile; fileRef = 3D6DBBB71A5B1415007A36C4 /* BlahTests.m */; };
/* End PBXBuildFile section */

/* Begin PBXContainerItemProxy section */
		3D6DBBB21A5B1415007A36C4 /* PBXContainerItemProxy */ = {
			isa = PBXContainerItemProxy;
			containerPortal = 3D6DBB901A5B1414007A36C4 /* Project object */;
			proxyType = 1;
			remoteGlobalIDString = 3D6DBB971A5B1414007A36C4;
			remoteInfo = Blah;
		};
/* End PBXContainerItemProxy section */

/* Begin PBXFileReference section */
		3D6DBB981A5B1414007A36C4 /* Blah.app */ = {isa = PBXFileReference; explicitFileType = wrapper.application; includeInIndex = 0; path = Blah.app; sourceTree = BUILT_PRODUCTS_DIR; };
		3D6DBB9C1A5B1414007A36C4 /* Info.plist */ = {isa = PBXFileReference; lastKnownFileType = text.plist.xml; path = Info.plist; sourceTree = "<group>"; };
		3D6DBB9D1A5B1414007A36C4 /* main.m */ = {isa = PBXFileReference; lastKnownFileType = sourcecode.c.objc; path = main.m; sourceTree = "<group>"; };
		3D6DBB9F1A5B1414007A36C4 /* AppDelegate.h */ = {isa = PBXFileReference; lastKnownFileType = sourcecode.c.h; path = AppDelegate.h; sourceTree = "<group>"; };
		3D6DBBA01A5B1415007A36C4 /* AppDelegate.m */ = {isa = PBXFileReference; lastKnownFileType = sourcecode.c.objc; path = AppDelegate.m; sourceTree = "<group>"; };
		3D6DBBA21A5B1415007A36C4 /* ViewController.h */ = {isa = PBXFileReference; lastKnownFileType = sourcecode.c.h; path = ViewController.h; sourceTree = "<group>"; };
		3D6DBBA31A5B1415007A36C4 /* ViewController.m */ = {isa = PBXFileReference; lastKnownFileType = sourcecode.c.objc; path = ViewController.m; sourceTree = "<group>"; };
		3D6DBBA61A5B1415007A36C4 /* Base */ = {isa = PBXFileReference; lastKnownFileType = file.storyboard; name = Base; path = Base.lproj/Main.storyboard; sourceTree = "<group>"; };
		3D6DBBA81A5B1415007A36C4 /* Images.xcassets */ = {isa = PBXFileReference; lastKnownFileType = folder.assetcatalog; path = Images.xcassets; sourceTree = "<group>"; };
		3D6DBBAB1A5B1415007A36C4 /* Base */ = {isa = PBXFileReference; lastKnownFileType = file.xib; name = Base; path = Base.lproj/LaunchScreen.xib; sourceTree = "<group>"; };
		3D6DBBB11A5B1415007A36C4 /* BlahTests.xctest */ = {isa = PBXFileReference; explicitFileType = wrapper.cfbundle; includeInIndex = 0; path = BlahTests.xctest; sourceTree = BUILT_PRODUCTS_DIR; };
		3D6DBBB61A5B1415007A36C4 /* Info.plist */ = {isa = PBXFileReference; lastKnownFileType = text.plist.xml; path = Info.plist; sourceTree = "<group>"; };
		3D6DBBB71A5B1415007A36C4 /* BlahTests.m */ = {isa = PBXFileReference; lastKnownFileType = sourcecode.c.objc; path = BlahTests.m; sourceTree = "<group>"; };
/* End PBXFileReference section */

/* Begin PBXFrameworksBuildPhase section */
		3D6DBB951A5B1414007A36C4 /* Frameworks */ = {
			isa = PBXFrameworksBuildPhase;
			buildActionMask = 2147483647;
			files = (
			);
			runOnlyForDeploymentPostprocessing = 0;
		};
		3D6DBBAE1A5B1415007A36C4 /* Frameworks */ = {
			isa = PBXFrameworksBuildPhase;
			buildActionMask = 2147483647;
			files = (
			);
			runOnlyForDeploymentPostprocessing = 0;
		};
/* End PBXFrameworksBuildPhase section */

/* Begin PBXGroup section */
		3D6DBB8F1A5B1414007A36C4 = {
			isa = PBXGroup;
			children = (
				3D6DBB9A1A5B1414007A36C4 /* Blah */,
				3D6DBBB41A5B1415007A36C4 /* BlahTests */,
				3D6DBB991A5B1414007A36C4 /* Products */,
			);
			sourceTree = "<group>";
		};
		3D6DBB991A5B1414007A36C4 /* Products */ = {
			isa = PBXGroup;
			children = (
				3D6DBB981A5B1414007A36C4 /* Blah.app */,
				3D6DBBB11A5B1415007A36C4 /* BlahTests.xctest */,
			);
			name = Products;
			sourceTree = "<group>";
		};
		3D6DBB9A1A5B1414007A36C4 /* Blah */ = {
			isa = PBXGroup;
			children = (
				3D6DBBA21A5B1415007A36C4 /* ViewController.h */,
				3D6DBBA31A5B1415007A36C4 /* ViewController.m */,
				3D6DBBA51A5B1415007A36C4 /* Main.storyboard */,
				3D6DBB9B1A5B1414007A36C4 /* Supporting Files */,
			);
			path = Blah;
			sourceTree = "<group>";
		};
		3D6DBB9B1A5B1414007A36C4 /* Supporting Files */ = {
			isa = PBXGroup;
			children = (
				3D6DBB9F1A5B1414007A36C4 /* AppDelegate.h */,
				3D6DBBA01A5B1415007A36C4 /* AppDelegate.m */,
				3D6DBBA81A5B1415007A36C4 /* Images.xcassets */,
				3D6DBBAA1A5B1415007A36C4 /* LaunchScreen.xib */,
				3D6DBB9C1A5B1414007A36C4 /* Info.plist */,
				3D6DBB9D1A5B1414007A36C4 /* main.m */,
			);
			name = "Supporting Files";
			sourceTree = "<group>";
		};
		3D6DBBB41A5B1415007A36C4 /* BlahTests */ = {
			isa = PBXGroup;
			children = (
				3D6DBBB71A5B1415007A36C4 /* BlahTests.m */,
				3D6DBBB51A5B1415007A36C4 /* Supporting Files */,
			);
			path = BlahTests;
			sourceTree = "<group>";
		};
		3D6DBBB51A5B1415007A36C4 /* Supporting Files */ = {
			isa = PBXGroup;
			children = (
				3D6DBBB61A5B1415007A36C4 /* Info.plist */,
			);
			name = "Supporting Files";
			sourceTree = "<group>";
		};
/* End PBXGroup section */

/* Begin PBXNativeTarget section */
		3D6DBB971A5B1414007A36C4 /* Blah */ = {
			isa = PBXNativeTarget;
			buildConfigurationList = 3D6DBBBB1A5B1415007A36C4 /* Build configuration list for PBXNativeTarget "Blah" */;
			buildPhases = (
				3D6DBB941A5B1414007A36C4 /* Sources */,
				3D6DBB951A5B1414007A36C4 /* Frameworks */,
				3D6DBB961A5B1414007A36C4 /* Resources */,
			);
			buildRules = (
			);
			dependencies = (
			);
			name = Blah;
			productName = Blah;
			productReference = 3D6DBB981A5B1414007A36C4 /* Blah.app */;
			productType = "com.apple.product-type.application";
		};
		3D6DBBB01A5B1415007A36C4 /* BlahTests */ = {
			isa = PBXNativeTarget;
			buildConfigurationList = 3D6DBBBE1A5B1415007A36C4 /* Build configuration list for PBXNativeTarget "BlahTests" */;
			buildPhases = (
				3D6DBBAD1A5B1415007A36C4 /* Sources */,
				3D6DBBAE1A5B1415007A36C4 /* Frameworks */,
				3D6DBBAF1A5B1415007A36C4 /* Resources */,
			);
			buildRules = (
			);
			dependencies = (
				3D6DBBB31A5B1415007A36C4 /* PBXTargetDependency */,
			);
			name = BlahTests;
			productName = BlahTests;
			productReference = 3D6DBBB11A5B1415007A36C4 /* BlahTests.xctest */;
			productType = "com.apple.product-type.bundle.unit-test";
		};
/* End PBXNativeTarget section */

/* Begin PBXProject section */
		3D6DBB901A5B1414007A36C4 /* Project object */ = {
			isa = PBXProject;
			attributes = {
				LastUpgradeCheck = 0610;
				ORGANIZATIONNAME = "William Judd";
				TargetAttributes = {
					3D6DBB971A5B1414007A36C4 = {
						CreatedOnToolsVersion = 6.1;
					};
					3D6DBBB01A5B1415007A36C4 = {
						CreatedOnToolsVersion = 6.1;
						TestTargetID = 3D6DBB971A5B1414007A36C4;
					};
				};
			};
			buildConfigurationList = 3D6DBB931A5B1414007A36C4 /* Build configuration list for PBXProject "Blah" */;
			compatibilityVersion = "Xcode 3.2";
			developmentRegion = English;
			hasScannedForEncodings = 0;
			knownRegions = (
				en,
				Base,
			);
			mainGroup = 3D6DBB8F1A5B1414007A36C4;
			productRefGroup = 3D6DBB991A5B1414007A36C4 /* Products */;
			projectDirPath = "";
			projectRoot = "";
			targets = (
				3D6DBB971A5B1414007A36C4 /* Blah */,
				3D6DBBB01A5B1415007A36C4 /* BlahTests */,
			);
		};
/* End PBXProject section */

/* Begin PBXResourcesBuildPhase section */
		3D6DBB961A5B1414007A36C4 /* Resources */ = {
			isa = PBXResourcesBuildPhase;
			buildActionMask = 2147483647;
			files = (
				3D6DBBA71A5B1415007A36C4 /* Main.storyboard in Resources */,
				3D6DBBAC1A5B1415007A36C4 /* LaunchScreen.xib in Resources */,
				3D6DBBA91A5B1415007A36C4 /* Images.xcassets in Resources */,
			);
			runOnlyForDeploymentPostprocessing = 0;
		};
		3D6DBBAF1A5B1415007A36C4 /* Resources */ = {
			isa = PBXResourcesBuildPhase;
			buildActionMask = 2147483647;
			files = (
			);
			runOnlyForDeploymentPostprocessing = 0;
		};
/* End PBXResourcesBuildPhase section */

/* Begin PBXSourcesBuildPhase section */
		3D6DBB941A5B1414007A36C4 /* Sources */ = {
			isa = PBXSourcesBuildPhase;
			buildActionMask = 2147483647;
			files = (
				3D6DBBA41A5B1415007A36C4 /* ViewController.m in Sources */,
				3D6DBBA11A5B1415007A36C4 /* AppDelegate.m in Sources */,
				3D6DBB9E1A5B1414007A36C4 /* main.m in Sources */,
			);
			runOnlyForDeploymentPostprocessing = 0;
		};
		3D6DBBAD1A5B1415007A36C4 /* Sources */ = {
			isa = PBXSourcesBuildPhase;
			buildActionMask = 2147483647;
			files = (
				3D6DBBB81A5B1415007A36C4 /* BlahTests.m in Sources */,
			);
			runOnlyForDeploymentPostprocessing = 0;
		};
/* End PBXSourcesBuildPhase section */

/* Begin PBXTargetDependency section */
		3D6DBBB31A5B1415007A36C4 /* PBXTargetDependency */ = {
			isa = PBXTargetDependency;
			target = 3D6DBB971A5B1414007A36C4 /* Blah */;
			targetProxy = 3D6DBBB21A5B1415007A36C4 /* PBXContainerItemProxy */;
		};
/* End PBXTargetDependency section */

/* Begin PBXVariantGroup section */
		3D6DBBA51A5B1415007A36C4 /* Main.storyboard */ = {
			isa = PBXVariantGroup;
			children = (
				3D6DBBA61A5B1415007A36C4 /* Base */,
			);
			name = Main.storyboard;
			sourceTree = "<group>";
		};
		3D6DBBAA1A5B1415007A36C4 /* LaunchScreen.xib */ = {
			isa = PBXVariantGroup;
			children = (
				3D6DBBAB1A5B1415007A36C4 /* Base */,
			);
			name = LaunchScreen.xib;
			sourceTree = "<group>";
		};
/* End PBXVariantGroup section */

/* Begin XCBuildConfiguration section */
		3D6DBBB91A5B1415007A36C4 /* Debug */ = {
			isa = XCBuildConfiguration;
			buildSettings = {
				ALWAYS_SEARCH_USER_PATHS = NO;
				CLANG_CXX_LANGUAGE_STANDARD = "gnu++0x";
				CLANG_CXX_LIBRARY = "libc++";
				CLANG_ENABLE_MODULES = YES;
				CLANG_ENABLE_OBJC_ARC = YES;
				CLANG_WARN_BOOL_CONVERSION = YES;
				CLANG_WARN_CONSTANT_CONVERSION = YES;
				CLANG_WARN_DIRECT_OBJC_ISA_USAGE = YES_ERROR;
				CLANG_WARN_EMPTY_BODY = YES;
				CLANG_WARN_ENUM_CONVERSION = YES;
				CLANG_WARN_INT_CONVERSION = YES;
				CLANG_WARN_OBJC_ROOT_CLASS = YES_ERROR;
				CLANG_WARN_UNREACHABLE_CODE = YES;
				CLANG_WARN__DUPLICATE_METHOD_MATCH = YES;
				"CODE_SIGN_IDENTITY[sdk=iphoneos*]" = "iPhone Developer";
				COPY_PHASE_STRIP = NO;
				ENABLE_STRICT_OBJC_MSGSEND = YES;
				GCC_C_LANGUAGE_STANDARD = gnu99;
				GCC_DYNAMIC_NO_PIC = NO;
				GCC_OPTIMIZATION_LEVEL = 0;
				GCC_PREPROCESSOR_DEFINITIONS = (
					"DEBUG=1",
					"$(inherited)",
				);
				GCC_SYMBOLS_PRIVATE_EXTERN = NO;
				GCC_WARN_64_TO_32_BIT_CONVERSION = YES;
				GCC_WARN_ABOUT_RETURN_TYPE = YES_ERROR;
				GCC_WARN_UNDECLARED_SELECTOR = YES;
				GCC_WARN_UNINITIALIZED_AUTOS = YES_AGGRESSIVE;
				GCC_WARN_UNUSED_FUNCTION = YES;
				GCC_WARN_UNUSED_VARIABLE = YES;
				IPHONEOS_DEPLOYMENT_TARGET = 8.1;
				MTL_ENABLE_DEBUG_INFO = YES;
				ONLY_ACTIVE_ARCH = YES;
				SDKROOT = iphoneos;
			};
			name = Debug;
		};
		3D6DBBBA1A5B1415007A36C4 /* Release */ = {
			isa = XCBuildConfiguration;
			buildSettings = {
				ALWAYS_SEARCH_USER_PATHS = NO;
				CLANG_CXX_LANGUAGE_STANDARD = "gnu++0x";
				CLANG_CXX_LIBRARY = "libc++";
				CLANG_ENABLE_MODULES = YES;
				CLANG_ENABLE_OBJC_ARC = YES;
				CLANG_WARN_BOOL_CONVERSION = YES;
				CLANG_WARN_CONSTANT_CONVERSION = YES;
				CLANG_WARN_DIRECT_OBJC_ISA_USAGE = YES_ERROR;
				CLANG_WARN_EMPTY_BODY = YES;
				CLANG_WARN_ENUM_CONVERSION = YES;
				CLANG_WARN_INT_CONVERSION = YES;
				CLANG_WARN_OBJC_ROOT_CLASS = YES_ERROR;
				CLANG_WARN_UNREACHABLE_CODE = YES;
				CLANG_WARN__DUPLICATE_METHOD_MATCH = YES;
				"CODE_SIGN_IDENTITY[sdk=iphoneos*]" = "iPhone Developer";
				COPY_PHASE_STRIP = YES;
				ENABLE_NS_ASSERTIONS = NO;
				ENABLE_STRICT_OBJC_MSGSEND = YES;
				GCC_C_LANGUAGE_STANDARD = gnu99;
				GCC_WARN_64_TO_32_BIT_CONVERSION = YES;
				GCC_WARN_ABOUT_RETURN_TYPE = YES_ERROR;
				GCC_WARN_UNDECLARED_SELECTOR = YES;
				GCC_WARN_UNINITIALIZED_AUTOS = YES_AGGRESSIVE;
				GCC_WARN_UNUSED_FUNCTION = YES;
				GCC_WARN_UNUSED_VARIABLE = YES;
				IPHONEOS_DEPLOYMENT_TARGET = 8.1;
				MTL_ENABLE_DEBUG_INFO = NO;
				SDKROOT = iphoneos;
				VALIDATE_PRODUCT = YES;
			};
			name = Release;
		};
		3D6DBBBC1A5B1415007A36C4 /* Debug */ = {
			isa = XCBuildConfiguration;
			buildSettings = {
				ASSETCATALOG_COMPILER_APPICON_NAME = AppIcon;
				INFOPLIST_FILE = Blah/Info.plist;
				LD_RUNPATH_SEARCH_PATHS = "$(inherited) @executable_path/Frameworks";
				PRODUCT_NAME = "$(TARGET_NAME)";
				TARGETED_DEVICE_FAMILY = 1;
			};
			name = Debug;
		};
		3D6DBBBD1A5B1415007A36C4 /* Release */ = {
			isa = XCBuildConfiguration;
			buildSettings = {
				ASSETCATALOG_COMPILER_APPICON_NAME = AppIcon;
				INFOPLIST_FILE = Blah/Info.plist;
				LD_RUNPATH_SEARCH_PATHS = "$(inherited) @executable_path/Frameworks";
				PRODUCT_NAME = "$(TARGET_NAME)";
				TARGETED_DEVICE_FAMILY = 1;
			};
			name = Release;
		};
		3D6DBBBF1A5B1415007A36C4 /* Debug */ = {
			isa = XCBuildConfiguration;
			buildSettings = {
				BUNDLE_LOADER = "$(TEST_HOST)";
				FRAMEWORK_SEARCH_PATHS = (
					"$(SDKROOT)/Developer/Library/Frameworks",
					"$(inherited)",
				);
				GCC_PREPROCESSOR_DEFINITIONS = (
					"DEBUG=1",
					"$(inherited)",
				);
				INFOPLIST_FILE = BlahTests/Info.plist;
				LD_RUNPATH_SEARCH_PATHS = "$(inherited) @executable_path/Frameworks @loader_path/Frameworks";
				PRODUCT_NAME = "$(TARGET_NAME)";
				TEST_HOST = "$(BUILT_PRODUCTS_DIR)/Blah.app/Blah";
			};
			name = Debug;
		};
		3D6DBBC01A5B1415007A36C4 /* Release */ = {
			isa = XCBuildConfiguration;
			buildSettings = {
				BUNDLE_LOADER = "$(TEST_HOST)";
				FRAMEWORK_SEARCH_PATHS = (
					"$(SDKROOT)/Developer/Library/Frameworks",
					"$(inherited)",
				);
				INFOPLIST_FILE = BlahTests/Info.plist;
				LD_RUNPATH_SEARCH_PATHS = "$(inherited) @executable_path/Frameworks @loader_path/Frameworks";
				PRODUCT_NAME = "$(TARGET_NAME)";
				TEST_HOST = "$(BUILT_PRODUCTS_DIR)/Blah.app/Blah";
			};
			name = Release;
		};
/* End XCBuildConfiguration section */

/* Begin XCConfigurationList section */
		3D6DBB931A5B1414007A36C4 /* Build configuration list for PBXProject "Blah" */ = {
			isa = XCConfigurationList;
			buildConfigurations = (
				3D6DBBB91A5B1415007A36C4 /* Debug */,
				3D6DBBBA1A5B1415007A36C4 /* Release */,
			);
			defaultConfigurationIsVisible = 0;
			defaultConfigurationName = Release;
		};
		3D6DBBBB1A5B1415007A36C4 /* Build configuration list for PBXNativeTarget "Blah" */ = {
			isa = XCConfigurationList;
			buildConfigurations = (
				3D6DBBBC1A5B1415007A36C4 /* Debug */,
				3D6DBBBD1A5B1415007A36C4 /* Release */,
			);
			defaultConfigurationIsVisible = 0;
		};
		3D6DBBBE1A5B1415007A36C4 /* Build configuration list for PBXNativeTarget "BlahTests" */ = {
			isa = XCConfigurationList;
			buildConfigurations = (
				3D6DBBBF1A5B1415007A36C4 /* Debug */,
				3D6DBBC01A5B1415007A36C4 /* Release */,
			);
			defaultConfigurationIsVisible = 0;
		};
/* End XCConfigurationList section */
	};
	rootObject = 3D6DBB901A5B1414007A36C4 /* Project object */;
}
