// !$*UTF8*$!
{
	archiveVersion = 1;
	classes = {
	};
	objectVersion = 46;
	objects = {

/* Begin PBXBuildFile section */
		3DEF548B1A66C7C8009061A6 /* main.m in Sources */ = {isa = PBXBuildFile; fileRef = 3DEF548A1A66C7C8009061A6 /* main.m */; };
		3DEF548E1A66C7C8009061A6 /* AppDelegate.m in Sources */ = {isa = PBXBuildFile; fileRef = 3DEF548D1A66C7C8009061A6 /* AppDelegate.m */; };
		3DEF54911A66C7C8009061A6 /* ViewController.m in Sources */ = {isa = PBXBuildFile; fileRef = 3DEF54901A66C7C8009061A6 /* ViewController.m */; };
		3DEF54941A66C7C8009061A6 /* Main.storyboard in Resources */ = {isa = PBXBuildFile; fileRef = 3DEF54921A66C7C8009061A6 /* Main.storyboard */; };
		3DEF54961A66C7C8009061A6 /* Images.xcassets in Resources */ = {isa = PBXBuildFile; fileRef = 3DEF54951A66C7C8009061A6 /* Images.xcassets */; };
		3DEF54991A66C7C9009061A6 /* LaunchScreen.xib in Resources */ = {isa = PBXBuildFile; fileRef = 3DEF54971A66C7C9009061A6 /* LaunchScreen.xib */; };
		3DEF54A51A66C7C9009061A6 /* ScribbleTouchTests.m in Sources */ = {isa = PBXBuildFile; fileRef = 3DEF54A41A66C7C9009061A6 /* ScribbleTouchTests.m */; };
		3DEF54B01A66C81E009061A6 /* ScribbleView.m in Sources */ = {isa = PBXBuildFile; fileRef = 3DEF54AF1A66C81E009061A6 /* ScribbleView.m */; };
/* End PBXBuildFile section */

/* Begin PBXContainerItemProxy section */
		3DEF549F1A66C7C9009061A6 /* PBXContainerItemProxy */ = {
			isa = PBXContainerItemProxy;
			containerPortal = 3DEF547D1A66C7C8009061A6 /* Project object */;
			proxyType = 1;
			remoteGlobalIDString = 3DEF54841A66C7C8009061A6;
			remoteInfo = ScribbleTouch;
		};
/* End PBXContainerItemProxy section */

/* Begin PBXFileReference section */
		3DEF54851A66C7C8009061A6 /* ScribbleTouch.app */ = {isa = PBXFileReference; explicitFileType = wrapper.application; includeInIndex = 0; path = ScribbleTouch.app; sourceTree = BUILT_PRODUCTS_DIR; };
		3DEF54891A66C7C8009061A6 /* Info.plist */ = {isa = PBXFileReference; lastKnownFileType = text.plist.xml; path = Info.plist; sourceTree = "<group>"; };
		3DEF548A1A66C7C8009061A6 /* main.m */ = {isa = PBXFileReference; lastKnownFileType = sourcecode.c.objc; path = main.m; sourceTree = "<group>"; };
		3DEF548C1A66C7C8009061A6 /* AppDelegate.h */ = {isa = PBXFileReference; lastKnownFileType = sourcecode.c.h; path = AppDelegate.h; sourceTree = "<group>"; };
		3DEF548D1A66C7C8009061A6 /* AppDelegate.m */ = {isa = PBXFileReference; lastKnownFileType = sourcecode.c.objc; path = AppDelegate.m; sourceTree = "<group>"; };
		3DEF548F1A66C7C8009061A6 /* ViewController.h */ = {isa = PBXFileReference; lastKnownFileType = sourcecode.c.h; path = ViewController.h; sourceTree = "<group>"; };
		3DEF54901A66C7C8009061A6 /* ViewController.m */ = {isa = PBXFileReference; lastKnownFileType = sourcecode.c.objc; path = ViewController.m; sourceTree = "<group>"; };
		3DEF54931A66C7C8009061A6 /* Base */ = {isa = PBXFileReference; lastKnownFileType = file.storyboard; name = Base; path = Base.lproj/Main.storyboard; sourceTree = "<group>"; };
		3DEF54951A66C7C8009061A6 /* Images.xcassets */ = {isa = PBXFileReference; lastKnownFileType = folder.assetcatalog; path = Images.xcassets; sourceTree = "<group>"; };
		3DEF54981A66C7C9009061A6 /* Base */ = {isa = PBXFileReference; lastKnownFileType = file.xib; name = Base; path = Base.lproj/LaunchScreen.xib; sourceTree = "<group>"; };
		3DEF549E1A66C7C9009061A6 /* ScribbleTouchTests.xctest */ = {isa = PBXFileReference; explicitFileType = wrapper.cfbundle; includeInIndex = 0; path = ScribbleTouchTests.xctest; sourceTree = BUILT_PRODUCTS_DIR; };
		3DEF54A31A66C7C9009061A6 /* Info.plist */ = {isa = PBXFileReference; lastKnownFileType = text.plist.xml; path = Info.plist; sourceTree = "<group>"; };
		3DEF54A41A66C7C9009061A6 /* ScribbleTouchTests.m */ = {isa = PBXFileReference; lastKnownFileType = sourcecode.c.objc; path = ScribbleTouchTests.m; sourceTree = "<group>"; };
		3DEF54AE1A66C81E009061A6 /* ScribbleView.h */ = {isa = PBXFileReference; fileEncoding = 4; lastKnownFileType = sourcecode.c.h; path = ScribbleView.h; sourceTree = "<group>"; };
		3DEF54AF1A66C81E009061A6 /* ScribbleView.m */ = {isa = PBXFileReference; fileEncoding = 4; lastKnownFileType = sourcecode.c.objc; path = ScribbleView.m; sourceTree = "<group>"; };
/* End PBXFileReference section */

/* Begin PBXFrameworksBuildPhase section */
		3DEF54821A66C7C8009061A6 /* Frameworks */ = {
			isa = PBXFrameworksBuildPhase;
			buildActionMask = 2147483647;
			files = (
			);
			runOnlyForDeploymentPostprocessing = 0;
		};
		3DEF549B1A66C7C9009061A6 /* Frameworks */ = {
			isa = PBXFrameworksBuildPhase;
			buildActionMask = 2147483647;
			files = (
			);
			runOnlyForDeploymentPostprocessing = 0;
		};
/* End PBXFrameworksBuildPhase section */

/* Begin PBXGroup section */
		3DEF547C1A66C7C8009061A6 = {
			isa = PBXGroup;
			children = (
				3DEF54871A66C7C8009061A6 /* ScribbleTouch */,
				3DEF54A11A66C7C9009061A6 /* ScribbleTouchTests */,
				3DEF54861A66C7C8009061A6 /* Products */,
			);
			sourceTree = "<group>";
		};
		3DEF54861A66C7C8009061A6 /* Products */ = {
			isa = PBXGroup;
			children = (
				3DEF54851A66C7C8009061A6 /* ScribbleTouch.app */,
				3DEF549E1A66C7C9009061A6 /* ScribbleTouchTests.xctest */,
			);
			name = Products;
			sourceTree = "<group>";
		};
		3DEF54871A66C7C8009061A6 /* ScribbleTouch */ = {
			isa = PBXGroup;
			children = (
				3DEF548C1A66C7C8009061A6 /* AppDelegate.h */,
				3DEF548D1A66C7C8009061A6 /* AppDelegate.m */,
				3DEF548F1A66C7C8009061A6 /* ViewController.h */,
				3DEF54901A66C7C8009061A6 /* ViewController.m */,
				3DEF54AE1A66C81E009061A6 /* ScribbleView.h */,
				3DEF54AF1A66C81E009061A6 /* ScribbleView.m */,
				3DEF54921A66C7C8009061A6 /* Main.storyboard */,
				3DEF54951A66C7C8009061A6 /* Images.xcassets */,
				3DEF54971A66C7C9009061A6 /* LaunchScreen.xib */,
				3DEF54881A66C7C8009061A6 /* Supporting Files */,
			);
			path = ScribbleTouch;
			sourceTree = "<group>";
		};
		3DEF54881A66C7C8009061A6 /* Supporting Files */ = {
			isa = PBXGroup;
			children = (
				3DEF54891A66C7C8009061A6 /* Info.plist */,
				3DEF548A1A66C7C8009061A6 /* main.m */,
			);
			name = "Supporting Files";
			sourceTree = "<group>";
		};
		3DEF54A11A66C7C9009061A6 /* ScribbleTouchTests */ = {
			isa = PBXGroup;
			children = (
				3DEF54A41A66C7C9009061A6 /* ScribbleTouchTests.m */,
				3DEF54A21A66C7C9009061A6 /* Supporting Files */,
			);
			path = ScribbleTouchTests;
			sourceTree = "<group>";
		};
		3DEF54A21A66C7C9009061A6 /* Supporting Files */ = {
			isa = PBXGroup;
			children = (
				3DEF54A31A66C7C9009061A6 /* Info.plist */,
			);
			name = "Supporting Files";
			sourceTree = "<group>";
		};
/* End PBXGroup section */

/* Begin PBXNativeTarget section */
		3DEF54841A66C7C8009061A6 /* ScribbleTouch */ = {
			isa = PBXNativeTarget;
			buildConfigurationList = 3DEF54A81A66C7C9009061A6 /* Build configuration list for PBXNativeTarget "ScribbleTouch" */;
			buildPhases = (
				3DEF54811A66C7C8009061A6 /* Sources */,
				3DEF54821A66C7C8009061A6 /* Frameworks */,
				3DEF54831A66C7C8009061A6 /* Resources */,
			);
			buildRules = (
			);
			dependencies = (
			);
			name = ScribbleTouch;
			productName = ScribbleTouch;
			productReference = 3DEF54851A66C7C8009061A6 /* ScribbleTouch.app */;
			productType = "com.apple.product-type.application";
		};
		3DEF549D1A66C7C9009061A6 /* ScribbleTouchTests */ = {
			isa = PBXNativeTarget;
			buildConfigurationList = 3DEF54AB1A66C7C9009061A6 /* Build configuration list for PBXNativeTarget "ScribbleTouchTests" */;
			buildPhases = (
				3DEF549A1A66C7C9009061A6 /* Sources */,
				3DEF549B1A66C7C9009061A6 /* Frameworks */,
				3DEF549C1A66C7C9009061A6 /* Resources */,
			);
			buildRules = (
			);
			dependencies = (
				3DEF54A01A66C7C9009061A6 /* PBXTargetDependency */,
			);
			name = ScribbleTouchTests;
			productName = ScribbleTouchTests;
			productReference = 3DEF549E1A66C7C9009061A6 /* ScribbleTouchTests.xctest */;
			productType = "com.apple.product-type.bundle.unit-test";
		};
/* End PBXNativeTarget section */

/* Begin PBXProject section */
		3DEF547D1A66C7C8009061A6 /* Project object */ = {
			isa = PBXProject;
			attributes = {
				LastUpgradeCheck = 0610;
				ORGANIZATIONNAME = "William Judd";
				TargetAttributes = {
					3DEF54841A66C7C8009061A6 = {
						CreatedOnToolsVersion = 6.1;
					};
					3DEF549D1A66C7C9009061A6 = {
						CreatedOnToolsVersion = 6.1;
						TestTargetID = 3DEF54841A66C7C8009061A6;
					};
				};
			};
			buildConfigurationList = 3DEF54801A66C7C8009061A6 /* Build configuration list for PBXProject "ScribbleTouch" */;
			compatibilityVersion = "Xcode 3.2";
			developmentRegion = English;
			hasScannedForEncodings = 0;
			knownRegions = (
				en,
				Base,
			);
			mainGroup = 3DEF547C1A66C7C8009061A6;
			productRefGroup = 3DEF54861A66C7C8009061A6 /* Products */;
			projectDirPath = "";
			projectRoot = "";
			targets = (
				3DEF54841A66C7C8009061A6 /* ScribbleTouch */,
				3DEF549D1A66C7C9009061A6 /* ScribbleTouchTests */,
			);
		};
/* End PBXProject section */

/* Begin PBXResourcesBuildPhase section */
		3DEF54831A66C7C8009061A6 /* Resources */ = {
			isa = PBXResourcesBuildPhase;
			buildActionMask = 2147483647;
			files = (
				3DEF54941A66C7C8009061A6 /* Main.storyboard in Resources */,
				3DEF54991A66C7C9009061A6 /* LaunchScreen.xib in Resources */,
				3DEF54961A66C7C8009061A6 /* Images.xcassets in Resources */,
			);
			runOnlyForDeploymentPostprocessing = 0;
		};
		3DEF549C1A66C7C9009061A6 /* Resources */ = {
			isa = PBXResourcesBuildPhase;
			buildActionMask = 2147483647;
			files = (
			);
			runOnlyForDeploymentPostprocessing = 0;
		};
/* End PBXResourcesBuildPhase section */

/* Begin PBXSourcesBuildPhase section */
		3DEF54811A66C7C8009061A6 /* Sources */ = {
			isa = PBXSourcesBuildPhase;
			buildActionMask = 2147483647;
			files = (
				3DEF54911A66C7C8009061A6 /* ViewController.m in Sources */,
				3DEF548E1A66C7C8009061A6 /* AppDelegate.m in Sources */,
				3DEF54B01A66C81E009061A6 /* ScribbleView.m in Sources */,
				3DEF548B1A66C7C8009061A6 /* main.m in Sources */,
			);
			runOnlyForDeploymentPostprocessing = 0;
		};
		3DEF549A1A66C7C9009061A6 /* Sources */ = {
			isa = PBXSourcesBuildPhase;
			buildActionMask = 2147483647;
			files = (
				3DEF54A51A66C7C9009061A6 /* ScribbleTouchTests.m in Sources */,
			);
			runOnlyForDeploymentPostprocessing = 0;
		};
/* End PBXSourcesBuildPhase section */

/* Begin PBXTargetDependency section */
		3DEF54A01A66C7C9009061A6 /* PBXTargetDependency */ = {
			isa = PBXTargetDependency;
			target = 3DEF54841A66C7C8009061A6 /* ScribbleTouch */;
			targetProxy = 3DEF549F1A66C7C9009061A6 /* PBXContainerItemProxy */;
		};
/* End PBXTargetDependency section */

/* Begin PBXVariantGroup section */
		3DEF54921A66C7C8009061A6 /* Main.storyboard */ = {
			isa = PBXVariantGroup;
			children = (
				3DEF54931A66C7C8009061A6 /* Base */,
			);
			name = Main.storyboard;
			sourceTree = "<group>";
		};
		3DEF54971A66C7C9009061A6 /* LaunchScreen.xib */ = {
			isa = PBXVariantGroup;
			children = (
				3DEF54981A66C7C9009061A6 /* Base */,
			);
			name = LaunchScreen.xib;
			sourceTree = "<group>";
		};
/* End PBXVariantGroup section */

/* Begin XCBuildConfiguration section */
		3DEF54A61A66C7C9009061A6 /* Debug */ = {
			isa = XCBuildConfiguration;
			buildSettings = {
				ALWAYS_SEARCH_USER_PATHS = NO;
				CLANG_CXX_LANGUAGE_STANDARD = "gnu++0x";
				CLANG_CXX_LIBRARY = "libc++";
				CLANG_ENABLE_MODULES = YES;
				CLANG_ENABLE_OBJC_ARC = YES;
				CLANG_WARN_BOOL_CONVERSION = YES;
				CLANG_WARN_CONSTANT_CONVERSION = YES;
				CLANG_WARN_DIRECT_OBJC_ISA_USAGE = YES_ERROR;
				CLANG_WARN_EMPTY_BODY = YES;
				CLANG_WARN_ENUM_CONVERSION = YES;
				CLANG_WARN_INT_CONVERSION = YES;
				CLANG_WARN_OBJC_ROOT_CLASS = YES_ERROR;
				CLANG_WARN_UNREACHABLE_CODE = YES;
				CLANG_WARN__DUPLICATE_METHOD_MATCH = YES;
				"CODE_SIGN_IDENTITY[sdk=iphoneos*]" = "iPhone Developer";
				COPY_PHASE_STRIP = NO;
				ENABLE_STRICT_OBJC_MSGSEND = YES;
				GCC_C_LANGUAGE_STANDARD = gnu99;
				GCC_DYNAMIC_NO_PIC = NO;
				GCC_OPTIMIZATION_LEVEL = 0;
				GCC_PREPROCESSOR_DEFINITIONS = (
					"DEBUG=1",
					"$(inherited)",
				);
				GCC_SYMBOLS_PRIVATE_EXTERN = NO;
				GCC_WARN_64_TO_32_BIT_CONVERSION = YES;
				GCC_WARN_ABOUT_RETURN_TYPE = YES_ERROR;
				GCC_WARN_UNDECLARED_SELECTOR = YES;
				GCC_WARN_UNINITIALIZED_AUTOS = YES_AGGRESSIVE;
				GCC_WARN_UNUSED_FUNCTION = YES;
				GCC_WARN_UNUSED_VARIABLE = YES;
				IPHONEOS_DEPLOYMENT_TARGET = 8.1;
				MTL_ENABLE_DEBUG_INFO = YES;
				ONLY_ACTIVE_ARCH = YES;
				SDKROOT = iphoneos;
			};
			name = Debug;
		};
		3DEF54A71A66C7C9009061A6 /* Release */ = {
			isa = XCBuildConfiguration;
			buildSettings = {
				ALWAYS_SEARCH_USER_PATHS = NO;
				CLANG_CXX_LANGUAGE_STANDARD = "gnu++0x";
				CLANG_CXX_LIBRARY = "libc++";
				CLANG_ENABLE_MODULES = YES;
				CLANG_ENABLE_OBJC_ARC = YES;
				CLANG_WARN_BOOL_CONVERSION = YES;
				CLANG_WARN_CONSTANT_CONVERSION = YES;
				CLANG_WARN_DIRECT_OBJC_ISA_USAGE = YES_ERROR;
				CLANG_WARN_EMPTY_BODY = YES;
				CLANG_WARN_ENUM_CONVERSION = YES;
				CLANG_WARN_INT_CONVERSION = YES;
				CLANG_WARN_OBJC_ROOT_CLASS = YES_ERROR;
				CLANG_WARN_UNREACHABLE_CODE = YES;
				CLANG_WARN__DUPLICATE_METHOD_MATCH = YES;
				"CODE_SIGN_IDENTITY[sdk=iphoneos*]" = "iPhone Developer";
				COPY_PHASE_STRIP = YES;
				ENABLE_NS_ASSERTIONS = NO;
				ENABLE_STRICT_OBJC_MSGSEND = YES;
				GCC_C_LANGUAGE_STANDARD = gnu99;
				GCC_WARN_64_TO_32_BIT_CONVERSION = YES;
				GCC_WARN_ABOUT_RETURN_TYPE = YES_ERROR;
				GCC_WARN_UNDECLARED_SELECTOR = YES;
				GCC_WARN_UNINITIALIZED_AUTOS = YES_AGGRESSIVE;
				GCC_WARN_UNUSED_FUNCTION = YES;
				GCC_WARN_UNUSED_VARIABLE = YES;
				IPHONEOS_DEPLOYMENT_TARGET = 8.1;
				MTL_ENABLE_DEBUG_INFO = NO;
				SDKROOT = iphoneos;
				VALIDATE_PRODUCT = YES;
			};
			name = Release;
		};
		3DEF54A91A66C7C9009061A6 /* Debug */ = {
			isa = XCBuildConfiguration;
			buildSettings = {
				ASSETCATALOG_COMPILER_APPICON_NAME = AppIcon;
				INFOPLIST_FILE = ScribbleTouch/Info.plist;
				LD_RUNPATH_SEARCH_PATHS = "$(inherited) @executable_path/Frameworks";
				PRODUCT_NAME = "$(TARGET_NAME)";
			};
			name = Debug;
		};
		3DEF54AA1A66C7C9009061A6 /* Release */ = {
			isa = XCBuildConfiguration;
			buildSettings = {
				ASSETCATALOG_COMPILER_APPICON_NAME = AppIcon;
				INFOPLIST_FILE = ScribbleTouch/Info.plist;
				LD_RUNPATH_SEARCH_PATHS = "$(inherited) @executable_path/Frameworks";
				PRODUCT_NAME = "$(TARGET_NAME)";
			};
			name = Release;
		};
		3DEF54AC1A66C7C9009061A6 /* Debug */ = {
			isa = XCBuildConfiguration;
			buildSettings = {
				BUNDLE_LOADER = "$(TEST_HOST)";
				FRAMEWORK_SEARCH_PATHS = (
					"$(SDKROOT)/Developer/Library/Frameworks",
					"$(inherited)",
				);
				GCC_PREPROCESSOR_DEFINITIONS = (
					"DEBUG=1",
					"$(inherited)",
				);
				INFOPLIST_FILE = ScribbleTouchTests/Info.plist;
				LD_RUNPATH_SEARCH_PATHS = "$(inherited) @executable_path/Frameworks @loader_path/Frameworks";
				PRODUCT_NAME = "$(TARGET_NAME)";
				TEST_HOST = "$(BUILT_PRODUCTS_DIR)/ScribbleTouch.app/ScribbleTouch";
			};
			name = Debug;
		};
		3DEF54AD1A66C7C9009061A6 /* Release */ = {
			isa = XCBuildConfiguration;
			buildSettings = {
				BUNDLE_LOADER = "$(TEST_HOST)";
				FRAMEWORK_SEARCH_PATHS = (
					"$(SDKROOT)/Developer/Library/Frameworks",
					"$(inherited)",
				);
				INFOPLIST_FILE = ScribbleTouchTests/Info.plist;
				LD_RUNPATH_SEARCH_PATHS = "$(inherited) @executable_path/Frameworks @loader_path/Frameworks";
				PRODUCT_NAME = "$(TARGET_NAME)";
				TEST_HOST = "$(BUILT_PRODUCTS_DIR)/ScribbleTouch.app/ScribbleTouch";
			};
			name = Release;
		};
/* End XCBuildConfiguration section */

/* Begin XCConfigurationList section */
		3DEF54801A66C7C8009061A6 /* Build configuration list for PBXProject "ScribbleTouch" */ = {
			isa = XCConfigurationList;
			buildConfigurations = (
				3DEF54A61A66C7C9009061A6 /* Debug */,
				3DEF54A71A66C7C9009061A6 /* Release */,
			);
			defaultConfigurationIsVisible = 0;
			defaultConfigurationName = Release;
		};
		3DEF54A81A66C7C9009061A6 /* Build configuration list for PBXNativeTarget "ScribbleTouch" */ = {
			isa = XCConfigurationList;
			buildConfigurations = (
				3DEF54A91A66C7C9009061A6 /* Debug */,
				3DEF54AA1A66C7C9009061A6 /* Release */,
			);
			defaultConfigurationIsVisible = 0;
		};
		3DEF54AB1A66C7C9009061A6 /* Build configuration list for PBXNativeTarget "ScribbleTouchTests" */ = {
			isa = XCConfigurationList;
			buildConfigurations = (
				3DEF54AC1A66C7C9009061A6 /* Debug */,
				3DEF54AD1A66C7C9009061A6 /* Release */,
			);
			defaultConfigurationIsVisible = 0;
		};
/* End XCConfigurationList section */
	};
	rootObject = 3DEF547D1A66C7C8009061A6 /* Project object */;
}
