// !$*UTF8*$!
{
	archiveVersion = 1;
	classes = {
	};
	objectVersion = 46;
	objects = {

/* Begin PBXBuildFile section */
		3D6DBC411A5C7EBA007A36C4 /* main.m in Sources */ = {isa = PBXBuildFile; fileRef = 3D6DBC401A5C7EBA007A36C4 /* main.m */; };
		3D6DBC441A5C7EBA007A36C4 /* AppDelegate.m in Sources */ = {isa = PBXBuildFile; fileRef = 3D6DBC431A5C7EBA007A36C4 /* AppDelegate.m */; };
		3D6DBC4A1A5C7EBA007A36C4 /* Main.storyboard in Resources */ = {isa = PBXBuildFile; fileRef = 3D6DBC481A5C7EBA007A36C4 /* Main.storyboard */; };
		3D6DBC4C1A5C7EBA007A36C4 /* Images.xcassets in Resources */ = {isa = PBXBuildFile; fileRef = 3D6DBC4B1A5C7EBA007A36C4 /* Images.xcassets */; };
		3D6DBC4F1A5C7EBA007A36C4 /* LaunchScreen.xib in Resources */ = {isa = PBXBuildFile; fileRef = 3D6DBC4D1A5C7EBA007A36C4 /* LaunchScreen.xib */; };
		3D6DBC5B1A5C7EBB007A36C4 /* TableViewAppTests.m in Sources */ = {isa = PBXBuildFile; fileRef = 3D6DBC5A1A5C7EBB007A36C4 /* TableViewAppTests.m */; };
		3D6DBC661A5C80BE007A36C4 /* TableViewController.m in Sources */ = {isa = PBXBuildFile; fileRef = 3D6DBC651A5C80BE007A36C4 /* TableViewController.m */; };
/* End PBXBuildFile section */

/* Begin PBXContainerItemProxy section */
		3D6DBC551A5C7EBB007A36C4 /* PBXContainerItemProxy */ = {
			isa = PBXContainerItemProxy;
			containerPortal = 3D6DBC331A5C7EBA007A36C4 /* Project object */;
			proxyType = 1;
			remoteGlobalIDString = 3D6DBC3A1A5C7EBA007A36C4;
			remoteInfo = TableViewApp;
		};
/* End PBXContainerItemProxy section */

/* Begin PBXFileReference section */
		3D6DBC3B1A5C7EBA007A36C4 /* TableViewApp.app */ = {isa = PBXFileReference; explicitFileType = wrapper.application; includeInIndex = 0; path = TableViewApp.app; sourceTree = BUILT_PRODUCTS_DIR; };
		3D6DBC3F1A5C7EBA007A36C4 /* Info.plist */ = {isa = PBXFileReference; lastKnownFileType = text.plist.xml; path = Info.plist; sourceTree = "<group>"; };
		3D6DBC401A5C7EBA007A36C4 /* main.m */ = {isa = PBXFileReference; lastKnownFileType = sourcecode.c.objc; path = main.m; sourceTree = "<group>"; };
		3D6DBC421A5C7EBA007A36C4 /* AppDelegate.h */ = {isa = PBXFileReference; lastKnownFileType = sourcecode.c.h; path = AppDelegate.h; sourceTree = "<group>"; };
		3D6DBC431A5C7EBA007A36C4 /* AppDelegate.m */ = {isa = PBXFileReference; lastKnownFileType = sourcecode.c.objc; path = AppDelegate.m; sourceTree = "<group>"; };
		3D6DBC491A5C7EBA007A36C4 /* Base */ = {isa = PBXFileReference; lastKnownFileType = file.storyboard; name = Base; path = Base.lproj/Main.storyboard; sourceTree = "<group>"; };
		3D6DBC4B1A5C7EBA007A36C4 /* Images.xcassets */ = {isa = PBXFileReference; lastKnownFileType = folder.assetcatalog; path = Images.xcassets; sourceTree = "<group>"; };
		3D6DBC4E1A5C7EBA007A36C4 /* Base */ = {isa = PBXFileReference; lastKnownFileType = file.xib; name = Base; path = Base.lproj/LaunchScreen.xib; sourceTree = "<group>"; };
		3D6DBC541A5C7EBB007A36C4 /* TableViewAppTests.xctest */ = {isa = PBXFileReference; explicitFileType = wrapper.cfbundle; includeInIndex = 0; path = TableViewAppTests.xctest; sourceTree = BUILT_PRODUCTS_DIR; };
		3D6DBC591A5C7EBB007A36C4 /* Info.plist */ = {isa = PBXFileReference; lastKnownFileType = text.plist.xml; path = Info.plist; sourceTree = "<group>"; };
		3D6DBC5A1A5C7EBB007A36C4 /* TableViewAppTests.m */ = {isa = PBXFileReference; lastKnownFileType = sourcecode.c.objc; path = TableViewAppTests.m; sourceTree = "<group>"; };
		3D6DBC641A5C80BE007A36C4 /* TableViewController.h */ = {isa = PBXFileReference; fileEncoding = 4; lastKnownFileType = sourcecode.c.h; path = TableViewController.h; sourceTree = "<group>"; };
		3D6DBC651A5C80BE007A36C4 /* TableViewController.m */ = {isa = PBXFileReference; fileEncoding = 4; lastKnownFileType = sourcecode.c.objc; path = TableViewController.m; sourceTree = "<group>"; };
/* End PBXFileReference section */

/* Begin PBXFrameworksBuildPhase section */
		3D6DBC381A5C7EBA007A36C4 /* Frameworks */ = {
			isa = PBXFrameworksBuildPhase;
			buildActionMask = 2147483647;
			files = (
			);
			runOnlyForDeploymentPostprocessing = 0;
		};
		3D6DBC511A5C7EBB007A36C4 /* Frameworks */ = {
			isa = PBXFrameworksBuildPhase;
			buildActionMask = 2147483647;
			files = (
			);
			runOnlyForDeploymentPostprocessing = 0;
		};
/* End PBXFrameworksBuildPhase section */

/* Begin PBXGroup section */
		3D6DBC321A5C7EBA007A36C4 = {
			isa = PBXGroup;
			children = (
				3D6DBC3D1A5C7EBA007A36C4 /* TableViewApp */,
				3D6DBC571A5C7EBB007A36C4 /* TableViewAppTests */,
				3D6DBC3C1A5C7EBA007A36C4 /* Products */,
			);
			sourceTree = "<group>";
		};
		3D6DBC3C1A5C7EBA007A36C4 /* Products */ = {
			isa = PBXGroup;
			children = (
				3D6DBC3B1A5C7EBA007A36C4 /* TableViewApp.app */,
				3D6DBC541A5C7EBB007A36C4 /* TableViewAppTests.xctest */,
			);
			name = Products;
			sourceTree = "<group>";
		};
		3D6DBC3D1A5C7EBA007A36C4 /* TableViewApp */ = {
			isa = PBXGroup;
			children = (
				3D6DBC3E1A5C7EBA007A36C4 /* Supporting Files */,
			);
			path = TableViewApp;
			sourceTree = "<group>";
		};
		3D6DBC3E1A5C7EBA007A36C4 /* Supporting Files */ = {
			isa = PBXGroup;
			children = (
				3D6DBC421A5C7EBA007A36C4 /* AppDelegate.h */,
				3D6DBC431A5C7EBA007A36C4 /* AppDelegate.m */,
				3D6DBC641A5C80BE007A36C4 /* TableViewController.h */,
				3D6DBC651A5C80BE007A36C4 /* TableViewController.m */,
				3D6DBC481A5C7EBA007A36C4 /* Main.storyboard */,
				3D6DBC4B1A5C7EBA007A36C4 /* Images.xcassets */,
				3D6DBC4D1A5C7EBA007A36C4 /* LaunchScreen.xib */,
				3D6DBC3F1A5C7EBA007A36C4 /* Info.plist */,
				3D6DBC401A5C7EBA007A36C4 /* main.m */,
			);
			name = "Supporting Files";
			sourceTree = "<group>";
		};
		3D6DBC571A5C7EBB007A36C4 /* TableViewAppTests */ = {
			isa = PBXGroup;
			children = (
				3D6DBC5A1A5C7EBB007A36C4 /* TableViewAppTests.m */,
				3D6DBC581A5C7EBB007A36C4 /* Supporting Files */,
			);
			path = TableViewAppTests;
			sourceTree = "<group>";
		};
		3D6DBC581A5C7EBB007A36C4 /* Supporting Files */ = {
			isa = PBXGroup;
			children = (
				3D6DBC591A5C7EBB007A36C4 /* Info.plist */,
			);
			name = "Supporting Files";
			sourceTree = "<group>";
		};
/* End PBXGroup section */

/* Begin PBXNativeTarget section */
		3D6DBC3A1A5C7EBA007A36C4 /* TableViewApp */ = {
			isa = PBXNativeTarget;
			buildConfigurationList = 3D6DBC5E1A5C7EBB007A36C4 /* Build configuration list for PBXNativeTarget "TableViewApp" */;
			buildPhases = (
				3D6DBC371A5C7EBA007A36C4 /* Sources */,
				3D6DBC381A5C7EBA007A36C4 /* Frameworks */,
				3D6DBC391A5C7EBA007A36C4 /* Resources */,
			);
			buildRules = (
			);
			dependencies = (
			);
			name = TableViewApp;
			productName = TableViewApp;
			productReference = 3D6DBC3B1A5C7EBA007A36C4 /* TableViewApp.app */;
			productType = "com.apple.product-type.application";
		};
		3D6DBC531A5C7EBB007A36C4 /* TableViewAppTests */ = {
			isa = PBXNativeTarget;
			buildConfigurationList = 3D6DBC611A5C7EBB007A36C4 /* Build configuration list for PBXNativeTarget "TableViewAppTests" */;
			buildPhases = (
				3D6DBC501A5C7EBB007A36C4 /* Sources */,
				3D6DBC511A5C7EBB007A36C4 /* Frameworks */,
				3D6DBC521A5C7EBB007A36C4 /* Resources */,
			);
			buildRules = (
			);
			dependencies = (
				3D6DBC561A5C7EBB007A36C4 /* PBXTargetDependency */,
			);
			name = TableViewAppTests;
			productName = TableViewAppTests;
			productReference = 3D6DBC541A5C7EBB007A36C4 /* TableViewAppTests.xctest */;
			productType = "com.apple.product-type.bundle.unit-test";
		};
/* End PBXNativeTarget section */

/* Begin PBXProject section */
		3D6DBC331A5C7EBA007A36C4 /* Project object */ = {
			isa = PBXProject;
			attributes = {
				LastUpgradeCheck = 0610;
				ORGANIZATIONNAME = "William Judd";
				TargetAttributes = {
					3D6DBC3A1A5C7EBA007A36C4 = {
						CreatedOnToolsVersion = 6.1;
					};
					3D6DBC531A5C7EBB007A36C4 = {
						CreatedOnToolsVersion = 6.1;
						TestTargetID = 3D6DBC3A1A5C7EBA007A36C4;
					};
				};
			};
			buildConfigurationList = 3D6DBC361A5C7EBA007A36C4 /* Build configuration list for PBXProject "TableViewApp" */;
			compatibilityVersion = "Xcode 3.2";
			developmentRegion = English;
			hasScannedForEncodings = 0;
			knownRegions = (
				en,
				Base,
			);
			mainGroup = 3D6DBC321A5C7EBA007A36C4;
			productRefGroup = 3D6DBC3C1A5C7EBA007A36C4 /* Products */;
			projectDirPath = "";
			projectRoot = "";
			targets = (
				3D6DBC3A1A5C7EBA007A36C4 /* TableViewApp */,
				3D6DBC531A5C7EBB007A36C4 /* TableViewAppTests */,
			);
		};
/* End PBXProject section */

/* Begin PBXResourcesBuildPhase section */
		3D6DBC391A5C7EBA007A36C4 /* Resources */ = {
			isa = PBXResourcesBuildPhase;
			buildActionMask = 2147483647;
			files = (
				3D6DBC4A1A5C7EBA007A36C4 /* Main.storyboard in Resources */,
				3D6DBC4F1A5C7EBA007A36C4 /* LaunchScreen.xib in Resources */,
				3D6DBC4C1A5C7EBA007A36C4 /* Images.xcassets in Resources */,
			);
			runOnlyForDeploymentPostprocessing = 0;
		};
		3D6DBC521A5C7EBB007A36C4 /* Resources */ = {
			isa = PBXResourcesBuildPhase;
			buildActionMask = 2147483647;
			files = (
			);
			runOnlyForDeploymentPostprocessing = 0;
		};
/* End PBXResourcesBuildPhase section */

/* Begin PBXSourcesBuildPhase section */
		3D6DBC371A5C7EBA007A36C4 /* Sources */ = {
			isa = PBXSourcesBuildPhase;
			buildActionMask = 2147483647;
			files = (
				3D6DBC441A5C7EBA007A36C4 /* AppDelegate.m in Sources */,
				3D6DBC411A5C7EBA007A36C4 /* main.m in Sources */,
				3D6DBC661A5C80BE007A36C4 /* TableViewController.m in Sources */,
			);
			runOnlyForDeploymentPostprocessing = 0;
		};
		3D6DBC501A5C7EBB007A36C4 /* Sources */ = {
			isa = PBXSourcesBuildPhase;
			buildActionMask = 2147483647;
			files = (
				3D6DBC5B1A5C7EBB007A36C4 /* TableViewAppTests.m in Sources */,
			);
			runOnlyForDeploymentPostprocessing = 0;
		};
/* End PBXSourcesBuildPhase section */

/* Begin PBXTargetDependency section */
		3D6DBC561A5C7EBB007A36C4 /* PBXTargetDependency */ = {
			isa = PBXTargetDependency;
			target = 3D6DBC3A1A5C7EBA007A36C4 /* TableViewApp */;
			targetProxy = 3D6DBC551A5C7EBB007A36C4 /* PBXContainerItemProxy */;
		};
/* End PBXTargetDependency section */

/* Begin PBXVariantGroup section */
		3D6DBC481A5C7EBA007A36C4 /* Main.storyboard */ = {
			isa = PBXVariantGroup;
			children = (
				3D6DBC491A5C7EBA007A36C4 /* Base */,
			);
			name = Main.storyboard;
			sourceTree = "<group>";
		};
		3D6DBC4D1A5C7EBA007A36C4 /* LaunchScreen.xib */ = {
			isa = PBXVariantGroup;
			children = (
				3D6DBC4E1A5C7EBA007A36C4 /* Base */,
			);
			name = LaunchScreen.xib;
			sourceTree = "<group>";
		};
/* End PBXVariantGroup section */

/* Begin XCBuildConfiguration section */
		3D6DBC5C1A5C7EBB007A36C4 /* Debug */ = {
			isa = XCBuildConfiguration;
			buildSettings = {
				ALWAYS_SEARCH_USER_PATHS = NO;
				CLANG_CXX_LANGUAGE_STANDARD = "gnu++0x";
				CLANG_CXX_LIBRARY = "libc++";
				CLANG_ENABLE_MODULES = YES;
				CLANG_ENABLE_OBJC_ARC = YES;
				CLANG_WARN_BOOL_CONVERSION = YES;
				CLANG_WARN_CONSTANT_CONVERSION = YES;
				CLANG_WARN_DIRECT_OBJC_ISA_USAGE = YES_ERROR;
				CLANG_WARN_EMPTY_BODY = YES;
				CLANG_WARN_ENUM_CONVERSION = YES;
				CLANG_WARN_INT_CONVERSION = YES;
				CLANG_WARN_OBJC_ROOT_CLASS = YES_ERROR;
				CLANG_WARN_UNREACHABLE_CODE = YES;
				CLANG_WARN__DUPLICATE_METHOD_MATCH = YES;
				"CODE_SIGN_IDENTITY[sdk=iphoneos*]" = "iPhone Developer";
				COPY_PHASE_STRIP = NO;
				ENABLE_STRICT_OBJC_MSGSEND = YES;
				GCC_C_LANGUAGE_STANDARD = gnu99;
				GCC_DYNAMIC_NO_PIC = NO;
				GCC_OPTIMIZATION_LEVEL = 0;
				GCC_PREPROCESSOR_DEFINITIONS = (
					"DEBUG=1",
					"$(inherited)",
				);
				GCC_SYMBOLS_PRIVATE_EXTERN = NO;
				GCC_WARN_64_TO_32_BIT_CONVERSION = YES;
				GCC_WARN_ABOUT_RETURN_TYPE = YES_ERROR;
				GCC_WARN_UNDECLARED_SELECTOR = YES;
				GCC_WARN_UNINITIALIZED_AUTOS = YES_AGGRESSIVE;
				GCC_WARN_UNUSED_FUNCTION = YES;
				GCC_WARN_UNUSED_VARIABLE = YES;
				IPHONEOS_DEPLOYMENT_TARGET = 8.1;
				MTL_ENABLE_DEBUG_INFO = YES;
				ONLY_ACTIVE_ARCH = YES;
				SDKROOT = iphoneos;
			};
			name = Debug;
		};
		3D6DBC5D1A5C7EBB007A36C4 /* Release */ = {
			isa = XCBuildConfiguration;
			buildSettings = {
				ALWAYS_SEARCH_USER_PATHS = NO;
				CLANG_CXX_LANGUAGE_STANDARD = "gnu++0x";
				CLANG_CXX_LIBRARY = "libc++";
				CLANG_ENABLE_MODULES = YES;
				CLANG_ENABLE_OBJC_ARC = YES;
				CLANG_WARN_BOOL_CONVERSION = YES;
				CLANG_WARN_CONSTANT_CONVERSION = YES;
				CLANG_WARN_DIRECT_OBJC_ISA_USAGE = YES_ERROR;
				CLANG_WARN_EMPTY_BODY = YES;
				CLANG_WARN_ENUM_CONVERSION = YES;
				CLANG_WARN_INT_CONVERSION = YES;
				CLANG_WARN_OBJC_ROOT_CLASS = YES_ERROR;
				CLANG_WARN_UNREACHABLE_CODE = YES;
				CLANG_WARN__DUPLICATE_METHOD_MATCH = YES;
				"CODE_SIGN_IDENTITY[sdk=iphoneos*]" = "iPhone Developer";
				COPY_PHASE_STRIP = YES;
				ENABLE_NS_ASSERTIONS = NO;
				ENABLE_STRICT_OBJC_MSGSEND = YES;
				GCC_C_LANGUAGE_STANDARD = gnu99;
				GCC_WARN_64_TO_32_BIT_CONVERSION = YES;
				GCC_WARN_ABOUT_RETURN_TYPE = YES_ERROR;
				GCC_WARN_UNDECLARED_SELECTOR = YES;
				GCC_WARN_UNINITIALIZED_AUTOS = YES_AGGRESSIVE;
				GCC_WARN_UNUSED_FUNCTION = YES;
				GCC_WARN_UNUSED_VARIABLE = YES;
				IPHONEOS_DEPLOYMENT_TARGET = 8.1;
				MTL_ENABLE_DEBUG_INFO = NO;
				SDKROOT = iphoneos;
				VALIDATE_PRODUCT = YES;
			};
			name = Release;
		};
		3D6DBC5F1A5C7EBB007A36C4 /* Debug */ = {
			isa = XCBuildConfiguration;
			buildSettings = {
				ASSETCATALOG_COMPILER_APPICON_NAME = AppIcon;
				INFOPLIST_FILE = TableViewApp/Info.plist;
				LD_RUNPATH_SEARCH_PATHS = "$(inherited) @executable_path/Frameworks";
				PRODUCT_NAME = "$(TARGET_NAME)";
			};
			name = Debug;
		};
		3D6DBC601A5C7EBB007A36C4 /* Release */ = {
			isa = XCBuildConfiguration;
			buildSettings = {
				ASSETCATALOG_COMPILER_APPICON_NAME = AppIcon;
				INFOPLIST_FILE = TableViewApp/Info.plist;
				LD_RUNPATH_SEARCH_PATHS = "$(inherited) @executable_path/Frameworks";
				PRODUCT_NAME = "$(TARGET_NAME)";
			};
			name = Release;
		};
		3D6DBC621A5C7EBB007A36C4 /* Debug */ = {
			isa = XCBuildConfiguration;
			buildSettings = {
				BUNDLE_LOADER = "$(TEST_HOST)";
				FRAMEWORK_SEARCH_PATHS = (
					"$(SDKROOT)/Developer/Library/Frameworks",
					"$(inherited)",
				);
				GCC_PREPROCESSOR_DEFINITIONS = (
					"DEBUG=1",
					"$(inherited)",
				);
				INFOPLIST_FILE = TableViewAppTests/Info.plist;
				LD_RUNPATH_SEARCH_PATHS = "$(inherited) @executable_path/Frameworks @loader_path/Frameworks";
				PRODUCT_NAME = "$(TARGET_NAME)";
				TEST_HOST = "$(BUILT_PRODUCTS_DIR)/TableViewApp.app/TableViewApp";
			};
			name = Debug;
		};
		3D6DBC631A5C7EBB007A36C4 /* Release */ = {
			isa = XCBuildConfiguration;
			buildSettings = {
				BUNDLE_LOADER = "$(TEST_HOST)";
				FRAMEWORK_SEARCH_PATHS = (
					"$(SDKROOT)/Developer/Library/Frameworks",
					"$(inherited)",
				);
				INFOPLIST_FILE = TableViewAppTests/Info.plist;
				LD_RUNPATH_SEARCH_PATHS = "$(inherited) @executable_path/Frameworks @loader_path/Frameworks";
				PRODUCT_NAME = "$(TARGET_NAME)";
				TEST_HOST = "$(BUILT_PRODUCTS_DIR)/TableViewApp.app/TableViewApp";
			};
			name = Release;
		};
/* End XCBuildConfiguration section */

/* Begin XCConfigurationList section */
		3D6DBC361A5C7EBA007A36C4 /* Build configuration list for PBXProject "TableViewApp" */ = {
			isa = XCConfigurationList;
			buildConfigurations = (
				3D6DBC5C1A5C7EBB007A36C4 /* Debug */,
				3D6DBC5D1A5C7EBB007A36C4 /* Release */,
			);
			defaultConfigurationIsVisible = 0;
			defaultConfigurationName = Release;
		};
		3D6DBC5E1A5C7EBB007A36C4 /* Build configuration list for PBXNativeTarget "TableViewApp" */ = {
			isa = XCConfigurationList;
			buildConfigurations = (
				3D6DBC5F1A5C7EBB007A36C4 /* Debug */,
				3D6DBC601A5C7EBB007A36C4 /* Release */,
			);
			defaultConfigurationIsVisible = 0;
		};
		3D6DBC611A5C7EBB007A36C4 /* Build configuration list for PBXNativeTarget "TableViewAppTests" */ = {
			isa = XCConfigurationList;
			buildConfigurations = (
				3D6DBC621A5C7EBB007A36C4 /* Debug */,
				3D6DBC631A5C7EBB007A36C4 /* Release */,
			);
			defaultConfigurationIsVisible = 0;
		};
/* End XCConfigurationList section */
	};
	rootObject = 3D6DBC331A5C7EBA007A36C4 /* Project object */;
}
